// !$*UTF8*$!
{
	archiveVersion = 1;
	classes = {
	};
	objectVersion = 46;
	objects = {

/* Begin PBXBuildFile section */
		135B18491F327A860017B331 /* Logout.storyboard in Resources */ = {isa = PBXBuildFile; fileRef = 135B18481F327A860017B331 /* Logout.storyboard */; };
		19B3D3DE49165A3011E79200 /* Pods_ShareATextbook.framework in Frameworks */ = {isa = PBXBuildFile; fileRef = D83E37E6285D9CED1BB5FA45 /* Pods_ShareATextbook.framework */; };
		2B8130501F0BB03800FBA165 /* LoginDataManager.swift in Sources */ = {isa = PBXBuildFile; fileRef = 2B81304F1F0BB03800FBA165 /* LoginDataManager.swift */; };
		51E9C4601F09E39200DF9CD5 /* Search.storyboard in Resources */ = {isa = PBXBuildFile; fileRef = 51E9C45F1F09E39200DF9CD5 /* Search.storyboard */; };
		8F034BC41F2F1DF000C16F1A /* SkyFloatingLabelTextField.swift in Sources */ = {isa = PBXBuildFile; fileRef = 8F034BC11F2F1DF000C16F1A /* SkyFloatingLabelTextField.swift */; };
		8F034BC51F2F1DF000C16F1A /* SkyFloatingLabelTextFieldWithIcon.swift in Sources */ = {isa = PBXBuildFile; fileRef = 8F034BC21F2F1DF000C16F1A /* SkyFloatingLabelTextFieldWithIcon.swift */; };
		8F034BC61F2F1DF000C16F1A /* UITextField+fixCaretPosition.swift in Sources */ = {isa = PBXBuildFile; fileRef = 8F034BC31F2F1DF000C16F1A /* UITextField+fixCaretPosition.swift */; };
		8F034BCF1F2F212500C16F1A /* Map.storyboard in Resources */ = {isa = PBXBuildFile; fileRef = 8F034BCE1F2F212500C16F1A /* Map.storyboard */; };
		8F04F2EF1F33198B00AA48EC /* PointsRecordTableViewController.swift in Sources */ = {isa = PBXBuildFile; fileRef = 8F04F2EE1F33198B00AA48EC /* PointsRecordTableViewController.swift */; };
		8F04F2F31F332B1800AA48EC /* PointsRecordsTableViewCell.swift in Sources */ = {isa = PBXBuildFile; fileRef = 8F04F2F21F332B1800AA48EC /* PointsRecordsTableViewCell.swift */; };
		8F17E05D1F310893007EF6D7 /* Points.swift in Sources */ = {isa = PBXBuildFile; fileRef = 8F17E05C1F310893007EF6D7 /* Points.swift */; };
		8F1F32361EFF00D700DE910C /* CustomUIViewButtons.swift in Sources */ = {isa = PBXBuildFile; fileRef = 8F1F32351EFF00D700DE910C /* CustomUIViewButtons.swift */; };
		8F1F32421F0170C100DE910C /* BEMAnimationManager.m in Sources */ = {isa = PBXBuildFile; fileRef = 8F1F323B1F0170C100DE910C /* BEMAnimationManager.m */; };
		8F1F32431F0170C100DE910C /* BEMCheckBox.m in Sources */ = {isa = PBXBuildFile; fileRef = 8F1F323D1F0170C100DE910C /* BEMCheckBox.m */; };
		8F1F32441F0170C100DE910C /* BEMCheckBoxGroup.m in Sources */ = {isa = PBXBuildFile; fileRef = 8F1F323F1F0170C100DE910C /* BEMCheckBoxGroup.m */; };
		8F1F32451F0170C100DE910C /* BEMPathManager.m in Sources */ = {isa = PBXBuildFile; fileRef = 8F1F32411F0170C100DE910C /* BEMPathManager.m */; };
		8F1F324D1F0194A100DE910C /* HomeContentTableViewCell.swift in Sources */ = {isa = PBXBuildFile; fileRef = 8F1F324C1F0194A100DE910C /* HomeContentTableViewCell.swift */; };
		8F32DB031F0BBE730021D095 /* RegistrationDataManager.swift in Sources */ = {isa = PBXBuildFile; fileRef = 8F32DB021F0BBE730021D095 /* RegistrationDataManager.swift */; };
		8F32DB051F0BBEB40021D095 /* HomeViewController.swift in Sources */ = {isa = PBXBuildFile; fileRef = 8F32DB041F0BBEB40021D095 /* HomeViewController.swift */; };
		8F32DB071F0BBF3B0021D095 /* homepage.storyboard in Resources */ = {isa = PBXBuildFile; fileRef = 8F32DB061F0BBF3B0021D095 /* homepage.storyboard */; };
		8F49A7A81F1DCEF800725A8D /* HomepageDataManager.swift in Sources */ = {isa = PBXBuildFile; fileRef = 8F49A7A71F1DCEF800725A8D /* HomepageDataManager.swift */; };
		8F49A7AA1F1DD1FC00725A8D /* Categories.swift in Sources */ = {isa = PBXBuildFile; fileRef = 8F49A7A91F1DD1FC00725A8D /* Categories.swift */; };
		8FA25CC61F13654400CB14EF /* pointsystem.storyboard in Resources */ = {isa = PBXBuildFile; fileRef = 8FA25CC51F13654400CB14EF /* pointsystem.storyboard */; };
		8FDCAB021EFAFC14001D903F /* RegistrationViewController.swift in Sources */ = {isa = PBXBuildFile; fileRef = 8FDCAB011EFAFC14001D903F /* RegistrationViewController.swift */; };
		8FDF30E61F0BD5AA00359916 /* feature.xib in Resources */ = {isa = PBXBuildFile; fileRef = 8FDF30E51F0BD5AA00359916 /* feature.xib */; };
		8FDF30E81F0BD69400359916 /* FeatureView.swift in Sources */ = {isa = PBXBuildFile; fileRef = 8FDF30E71F0BD69400359916 /* FeatureView.swift */; };
		8FF04A3C1F136677008FD87F /* ProtectionPointsViewController.swift in Sources */ = {isa = PBXBuildFile; fileRef = 8FF04A3B1F136677008FD87F /* ProtectionPointsViewController.swift */; };
		8FF513F41F01EB13000211DB /* Security.framework in Frameworks */ = {isa = PBXBuildFile; fileRef = 8FF513F31F01EB13000211DB /* Security.framework */; };
		8FFD6D451F31B5D0000FCE64 /* PointsTableViewCell.swift in Sources */ = {isa = PBXBuildFile; fileRef = 8FFD6D441F31B5D0000FCE64 /* PointsTableViewCell.swift */; };
		8FFD6D491F31EA13000FCE64 /* PointsDataManager.swift in Sources */ = {isa = PBXBuildFile; fileRef = 8FFD6D481F31EA13000FCE64 /* PointsDataManager.swift */; };
		C1F885E31F336DA5006ECA20 /* SearchTableViewController.swift in Sources */ = {isa = PBXBuildFile; fileRef = C1F885E21F336DA5006ECA20 /* SearchTableViewController.swift */; };
		C1F885E51F336DC7006ECA20 /* SearchTableViewCell.swift in Sources */ = {isa = PBXBuildFile; fileRef = C1F885E41F336DC7006ECA20 /* SearchTableViewCell.swift */; };
		C917BDF41EF1563E00CBF4F1 /* HTTP.swift in Sources */ = {isa = PBXBuildFile; fileRef = C917BDF31EF1563E00CBF4F1 /* HTTP.swift */; };
		C917BDF61EF1566D00CBF4F1 /* SwiftyJSON.swift in Sources */ = {isa = PBXBuildFile; fileRef = C917BDF51EF1566D00CBF4F1 /* SwiftyJSON.swift */; };
		C91D26131F342994006DC4CC /* ChatDataManager.swift in Sources */ = {isa = PBXBuildFile; fileRef = C91D26121F342994006DC4CC /* ChatDataManager.swift */; };
		C92078C51F33267700262CFC /* PinResultViewController.swift in Sources */ = {isa = PBXBuildFile; fileRef = C92078C41F33267700262CFC /* PinResultViewController.swift */; };
		C92078C71F3360EA00262CFC /* MapAnnotation.swift in Sources */ = {isa = PBXBuildFile; fileRef = C92078C61F3360EA00262CFC /* MapAnnotation.swift */; };
		C920D6691EB624E700D095FC /* AppDelegate.swift in Sources */ = {isa = PBXBuildFile; fileRef = C920D6681EB624E700D095FC /* AppDelegate.swift */; };
		C920D66B1EB624E700D095FC /* FirstViewController.swift in Sources */ = {isa = PBXBuildFile; fileRef = C920D66A1EB624E700D095FC /* FirstViewController.swift */; };
		C920D66D1EB624E700D095FC /* SecondViewController.swift in Sources */ = {isa = PBXBuildFile; fileRef = C920D66C1EB624E700D095FC /* SecondViewController.swift */; };
		C920D6701EB624E700D095FC /* Main.storyboard in Resources */ = {isa = PBXBuildFile; fileRef = C920D66E1EB624E700D095FC /* Main.storyboard */; };
		C920D6721EB624E700D095FC /* Assets.xcassets in Resources */ = {isa = PBXBuildFile; fileRef = C920D6711EB624E700D095FC /* Assets.xcassets */; };
		C920D6751EB624E700D095FC /* LaunchScreen.storyboard in Resources */ = {isa = PBXBuildFile; fileRef = C920D6731EB624E700D095FC /* LaunchScreen.storyboard */; };
		C920D6801EB624E700D095FC /* ntucTestTests.swift in Sources */ = {isa = PBXBuildFile; fileRef = C920D67F1EB624E700D095FC /* ntucTestTests.swift */; };
		C920D68B1EB624E700D095FC /* ntucTestUITests.swift in Sources */ = {isa = PBXBuildFile; fileRef = C920D68A1EB624E700D095FC /* ntucTestUITests.swift */; };
		C920D69C1EB6259900D095FC /* User.swift in Sources */ = {isa = PBXBuildFile; fileRef = C920D69B1EB6259900D095FC /* User.swift */; };
		C920D69E1EB6265400D095FC /* LoginViewController.swift in Sources */ = {isa = PBXBuildFile; fileRef = C920D69D1EB6265400D095FC /* LoginViewController.swift */; };
		C92BA2581F317CF3005934E8 /* ChangePasswordViewController.swift in Sources */ = {isa = PBXBuildFile; fileRef = C92BA2571F317CF3005934E8 /* ChangePasswordViewController.swift */; };
		C92BA25C1F318216005934E8 /* CustomUIImageView.swift in Sources */ = {isa = PBXBuildFile; fileRef = C92BA25B1F318216005934E8 /* CustomUIImageView.swift */; };
		C92BA25E1F318B04005934E8 /* Eureka.framework in Embed Frameworks */ = {isa = PBXBuildFile; fileRef = C958BC8A1F308B94004A83A4 /* Eureka.framework */; settings = {ATTRIBUTES = (CodeSignOnCopy, RemoveHeadersOnCopy, ); }; };
		C92BA2601F3194A1005934E8 /* CameraViewController.swift in Sources */ = {isa = PBXBuildFile; fileRef = C92BA25F1F3194A1005934E8 /* CameraViewController.swift */; };
		C92BA2711F31A8E8005934E8 /* DKImagePickerController.bundle in Resources */ = {isa = PBXBuildFile; fileRef = C92BA26A1F31A8E8005934E8 /* DKImagePickerController.bundle */; };
		C92BA2721F31A8E8005934E8 /* DKImagePickerController.swift in Sources */ = {isa = PBXBuildFile; fileRef = C92BA26C1F31A8E8005934E8 /* DKImagePickerController.swift */; };
		C92BA2731F31A8E8005934E8 /* DKImagePickerControllerDefaultUIDelegate.swift in Sources */ = {isa = PBXBuildFile; fileRef = C92BA26D1F31A8E8005934E8 /* DKImagePickerControllerDefaultUIDelegate.swift */; };
		C92BA2741F31A8E8005934E8 /* DKImageResource.swift in Sources */ = {isa = PBXBuildFile; fileRef = C92BA26E1F31A8E8005934E8 /* DKImageResource.swift */; };
		C92BA2751F31A8E8005934E8 /* DKPopoverViewController.swift in Sources */ = {isa = PBXBuildFile; fileRef = C92BA26F1F31A8E8005934E8 /* DKPopoverViewController.swift */; };
		C92BA2761F31A8E8005934E8 /* Info.plist in Resources */ = {isa = PBXBuildFile; fileRef = C92BA2701F31A8E8005934E8 /* Info.plist */; };
		C92BA27C1F31A8F8005934E8 /* DKAssetGroupDetailVC.swift in Sources */ = {isa = PBXBuildFile; fileRef = C92BA2781F31A8F8005934E8 /* DKAssetGroupDetailVC.swift */; };
		C92BA27D1F31A8F8005934E8 /* DKAssetGroupGridLayout.swift in Sources */ = {isa = PBXBuildFile; fileRef = C92BA2791F31A8F8005934E8 /* DKAssetGroupGridLayout.swift */; };
		C92BA27E1F31A8F8005934E8 /* DKAssetGroupListVC.swift in Sources */ = {isa = PBXBuildFile; fileRef = C92BA27A1F31A8F8005934E8 /* DKAssetGroupListVC.swift */; };
		C92BA27F1F31A8F8005934E8 /* DKPermissionView.swift in Sources */ = {isa = PBXBuildFile; fileRef = C92BA27B1F31A8F8005934E8 /* DKPermissionView.swift */; };
		C92BA2861F31A90A005934E8 /* DKAssetGroupCellItemProtocol.swift in Sources */ = {isa = PBXBuildFile; fileRef = C92BA2811F31A90A005934E8 /* DKAssetGroupCellItemProtocol.swift */; };
		C92BA2871F31A90A005934E8 /* DKAssetGroupDetailBaseCell.swift in Sources */ = {isa = PBXBuildFile; fileRef = C92BA2821F31A90A005934E8 /* DKAssetGroupDetailBaseCell.swift */; };
		C92BA2881F31A90A005934E8 /* DKAssetGroupDetailCameraCell.swift in Sources */ = {isa = PBXBuildFile; fileRef = C92BA2831F31A90A005934E8 /* DKAssetGroupDetailCameraCell.swift */; };
		C92BA2891F31A90A005934E8 /* DKAssetGroupDetailImageCell.swift in Sources */ = {isa = PBXBuildFile; fileRef = C92BA2841F31A90A005934E8 /* DKAssetGroupDetailImageCell.swift */; };
		C92BA28A1F31A90A005934E8 /* DKAssetGroupDetailVideoCell.swift in Sources */ = {isa = PBXBuildFile; fileRef = C92BA2851F31A90A005934E8 /* DKAssetGroupDetailVideoCell.swift */; };
		C92BA28D1F31A933005934E8 /* DKImageManager.swift in Sources */ = {isa = PBXBuildFile; fileRef = C92BA28C1F31A933005934E8 /* DKImageManager.swift */; };
		C92BA2901F31A944005934E8 /* DKGroupDataManager.swift in Sources */ = {isa = PBXBuildFile; fileRef = C92BA28F1F31A943005934E8 /* DKGroupDataManager.swift */; };
		C92BA2941F31A953005934E8 /* DKAsset.swift in Sources */ = {isa = PBXBuildFile; fileRef = C92BA2921F31A953005934E8 /* DKAsset.swift */; };
		C92BA2951F31A953005934E8 /* DKAssetGroup.swift in Sources */ = {isa = PBXBuildFile; fileRef = C92BA2931F31A953005934E8 /* DKAssetGroup.swift */; };
		C92BA2991F31A96C005934E8 /* DKCamera.swift in Sources */ = {isa = PBXBuildFile; fileRef = C92BA2971F31A96C005934E8 /* DKCamera.swift */; };
		C92BA29A1F31A96C005934E8 /* DKCameraResource.bundle in Resources */ = {isa = PBXBuildFile; fileRef = C92BA2981F31A96C005934E8 /* DKCameraResource.bundle */; };
		C92BA29C1F31A9A8005934E8 /* PostDetailViewController.swift in Sources */ = {isa = PBXBuildFile; fileRef = C92BA29B1F31A9A8005934E8 /* PostDetailViewController.swift */; };
		C958BC8F1F308BFD004A83A4 /* LocationValue.swift in Sources */ = {isa = PBXBuildFile; fileRef = C958BC8E1F308BFD004A83A4 /* LocationValue.swift */; };
		C958BC911F308D04004A83A4 /* CustomCells.swift in Sources */ = {isa = PBXBuildFile; fileRef = C958BC901F308D04004A83A4 /* CustomCells.swift */; };
		C958BC941F308F0C004A83A4 /* Geocoding.swift in Sources */ = {isa = PBXBuildFile; fileRef = C958BC931F308F0C004A83A4 /* Geocoding.swift */; };
		C958BC961F308F5A004A83A4 /* FloatLabelTextField.swift in Sources */ = {isa = PBXBuildFile; fileRef = C958BC951F308F5A004A83A4 /* FloatLabelTextField.swift */; };
		C9690BC01EB994BB0054BAB7 /* CustomTabBarController.swift in Sources */ = {isa = PBXBuildFile; fileRef = C9690BBF1EB994BB0054BAB7 /* CustomTabBarController.swift */; };
		C9CF89111EB9F14000B5AE95 /* Constants.swift in Sources */ = {isa = PBXBuildFile; fileRef = C9CF89101EB9F14000B5AE95 /* Constants.swift */; };
		C9D52B8B1F2ED2BF00F36F50 /* ImageDownload.swift in Sources */ = {isa = PBXBuildFile; fileRef = C9D52B8A1F2ED2BF00F36F50 /* ImageDownload.swift */; };
		C9D52B951F2ED33E00F36F50 /* ActivityIndicator.swift in Sources */ = {isa = PBXBuildFile; fileRef = C9D52B8D1F2ED33E00F36F50 /* ActivityIndicator.swift */; };
		C9D52B961F2ED33E00F36F50 /* FullScreenSlideshowViewController.swift in Sources */ = {isa = PBXBuildFile; fileRef = C9D52B8E1F2ED33E00F36F50 /* FullScreenSlideshowViewController.swift */; };
		C9D52B971F2ED33E00F36F50 /* ImageSlideshow.swift in Sources */ = {isa = PBXBuildFile; fileRef = C9D52B8F1F2ED33E00F36F50 /* ImageSlideshow.swift */; };
		C9D52B981F2ED33E00F36F50 /* ImageSlideshowItem.swift in Sources */ = {isa = PBXBuildFile; fileRef = C9D52B901F2ED33E00F36F50 /* ImageSlideshowItem.swift */; };
		C9D52B991F2ED33E00F36F50 /* InputSource.swift in Sources */ = {isa = PBXBuildFile; fileRef = C9D52B911F2ED33E00F36F50 /* InputSource.swift */; };
		C9D52B9A1F2ED33E00F36F50 /* UIImage+AspectFit.swift in Sources */ = {isa = PBXBuildFile; fileRef = C9D52B921F2ED33E00F36F50 /* UIImage+AspectFit.swift */; };
		C9D52B9B1F2ED33E00F36F50 /* UIImageView+Tools.swift in Sources */ = {isa = PBXBuildFile; fileRef = C9D52B931F2ED33E00F36F50 /* UIImageView+Tools.swift */; };
		C9D52B9C1F2ED33E00F36F50 /* ZoomAnimatedTransitioning.swift in Sources */ = {isa = PBXBuildFile; fileRef = C9D52B941F2ED33E00F36F50 /* ZoomAnimatedTransitioning.swift */; };
		C9D52BA01F2ED35D00F36F50 /* ic_cross_white@2x.png in Resources */ = {isa = PBXBuildFile; fileRef = C9D52B9E1F2ED35D00F36F50 /* ic_cross_white@2x.png */; };
		C9D52BA11F2ED35D00F36F50 /* ic_cross_white@3x.png in Resources */ = {isa = PBXBuildFile; fileRef = C9D52B9F1F2ED35D00F36F50 /* ic_cross_white@3x.png */; };
		C9F1F3831EC1FD8C00E8C71C /* CustomNavigationViewController.swift in Sources */ = {isa = PBXBuildFile; fileRef = C9F1F3821EC1FD8C00E8C71C /* CustomNavigationViewController.swift */; };
		C9F3A3CB1F2DCD710089DA2F /* NewItem.storyboard in Resources */ = {isa = PBXBuildFile; fileRef = C9F3A3C91F2DCD710089DA2F /* NewItem.storyboard */; };
		C9F3A3CC1F2DCD710089DA2F /* Profile.storyboard in Resources */ = {isa = PBXBuildFile; fileRef = C9F3A3CA1F2DCD710089DA2F /* Profile.storyboard */; };
		C9F3A3CF1F2DCE1F0089DA2F /* ISBN.swift in Sources */ = {isa = PBXBuildFile; fileRef = C9F3A3CD1F2DCE1F0089DA2F /* ISBN.swift */; };
		C9F3A3D01F2DCE1F0089DA2F /* Posting.swift in Sources */ = {isa = PBXBuildFile; fileRef = C9F3A3CE1F2DCE1F0089DA2F /* Posting.swift */; };
		C9F3A3D21F2DCE530089DA2F /* Category.swift in Sources */ = {isa = PBXBuildFile; fileRef = C9F3A3D11F2DCE530089DA2F /* Category.swift */; };
		C9F3A4371F2DD4E60089DA2F /* DateHelper.swift in Sources */ = {isa = PBXBuildFile; fileRef = C9F3A4351F2DD4E60089DA2F /* DateHelper.swift */; };
		C9F3A4381F2DD4E60089DA2F /* Info-iOS.plist in Resources */ = {isa = PBXBuildFile; fileRef = C9F3A4361F2DD4E60089DA2F /* Info-iOS.plist */; };
		C9F3A4711F2DD5D80089DA2F /* CustomUIButton.swift in Sources */ = {isa = PBXBuildFile; fileRef = C9F3A46E1F2DD5D80089DA2F /* CustomUIButton.swift */; };
		C9F3A4721F2DD5D80089DA2F /* CustomUILabel.swift in Sources */ = {isa = PBXBuildFile; fileRef = C9F3A46F1F2DD5D80089DA2F /* CustomUILabel.swift */; };
		C9F3A4731F2DD5D80089DA2F /* CustomUIView.swift in Sources */ = {isa = PBXBuildFile; fileRef = C9F3A4701F2DD5D80089DA2F /* CustomUIView.swift */; };
		C9F3A4741F2DD6800089DA2F /* RSBarcodes.framework in Frameworks */ = {isa = PBXBuildFile; fileRef = C9F3A4331F2DD4CF0089DA2F /* RSBarcodes.framework */; };
		C9F3A4751F2DD6800089DA2F /* RSBarcodes.framework in Embed Frameworks */ = {isa = PBXBuildFile; fileRef = C9F3A4331F2DD4CF0089DA2F /* RSBarcodes.framework */; settings = {ATTRIBUTES = (CodeSignOnCopy, RemoveHeadersOnCopy, ); }; };
		C9F3A47C1F2DD8090089DA2F /* CustomCameraUIDelegate.swift in Sources */ = {isa = PBXBuildFile; fileRef = C9F3A47A1F2DD8090089DA2F /* CustomCameraUIDelegate.swift */; };
		C9F3A47F1F2DD8830089DA2F /* PostingViewController.swift in Sources */ = {isa = PBXBuildFile; fileRef = C9F3A47E1F2DD8830089DA2F /* PostingViewController.swift */; };
		C9F3A4841F2DE73B0089DA2F /* CategoryDataManager.swift in Sources */ = {isa = PBXBuildFile; fileRef = C9F3A4801F2DE73B0089DA2F /* CategoryDataManager.swift */; };
		C9F3A4851F2DE73B0089DA2F /* ISBNDataManager.swift in Sources */ = {isa = PBXBuildFile; fileRef = C9F3A4811F2DE73B0089DA2F /* ISBNDataManager.swift */; };
		C9F3A4861F2DE73B0089DA2F /* PostingDataManager.swift in Sources */ = {isa = PBXBuildFile; fileRef = C9F3A4821F2DE73B0089DA2F /* PostingDataManager.swift */; };
		C9F3A4871F2DE73B0089DA2F /* UserDataManager.swift in Sources */ = {isa = PBXBuildFile; fileRef = C9F3A4831F2DE73B0089DA2F /* UserDataManager.swift */; };
		C9F3A4901F2DE79B0089DA2F /* BarcodeReaderCaptureViewController.swift in Sources */ = {isa = PBXBuildFile; fileRef = C9F3A4881F2DE79B0089DA2F /* BarcodeReaderCaptureViewController.swift */; };
		C9F3A4911F2DE79B0089DA2F /* BarcodeReaderViewController.swift in Sources */ = {isa = PBXBuildFile; fileRef = C9F3A4891F2DE79B0089DA2F /* BarcodeReaderViewController.swift */; };
		C9F3A4921F2DE79B0089DA2F /* EducationLevelViewController.swift in Sources */ = {isa = PBXBuildFile; fileRef = C9F3A48A1F2DE79B0089DA2F /* EducationLevelViewController.swift */; };
		C9F3A4931F2DE79B0089DA2F /* ImagePickerViewController.swift in Sources */ = {isa = PBXBuildFile; fileRef = C9F3A48B1F2DE79B0089DA2F /* ImagePickerViewController.swift */; };
		C9F3A4951F2DE79B0089DA2F /* PostingDetailsFormTableViewController.swift in Sources */ = {isa = PBXBuildFile; fileRef = C9F3A48D1F2DE79B0089DA2F /* PostingDetailsFormTableViewController.swift */; };
		C9F3A4961F2DE79B0089DA2F /* PostingImageCollectionViewCell.swift in Sources */ = {isa = PBXBuildFile; fileRef = C9F3A48E1F2DE79B0089DA2F /* PostingImageCollectionViewCell.swift */; };
		C9F3A4971F2DE79B0089DA2F /* SubjectViewController.swift in Sources */ = {isa = PBXBuildFile; fileRef = C9F3A48F1F2DE79B0089DA2F /* SubjectViewController.swift */; };
		C9F3A49C1F2DE7F40089DA2F /* EditProfileViewController.swift in Sources */ = {isa = PBXBuildFile; fileRef = C9F3A4991F2DE7F40089DA2F /* EditProfileViewController.swift */; };
		C9F3A49E1F2DE7F40089DA2F /* ProfileViewController.swift in Sources */ = {isa = PBXBuildFile; fileRef = C9F3A49B1F2DE7F40089DA2F /* ProfileViewController.swift */; };
		C9F3A4A21F2DE8AD0089DA2F /* SettingsViewController.swift in Sources */ = {isa = PBXBuildFile; fileRef = C9F3A4A01F2DE8AD0089DA2F /* SettingsViewController.swift */; };
		C9F3A4BC1F2DE9C90089DA2F /* ItemCollectionViewCell.swift in Sources */ = {isa = PBXBuildFile; fileRef = C9F3A4BB1F2DE9C90089DA2F /* ItemCollectionViewCell.swift */; };
		C9F3A4BE1F2DE9EE0089DA2F /* TestViewController.swift in Sources */ = {isa = PBXBuildFile; fileRef = C9F3A4BD1F2DE9EE0089DA2F /* TestViewController.swift */; };
		C9F948C31F31ECD90003EB55 /* MapViewViewController.swift in Sources */ = {isa = PBXBuildFile; fileRef = C9F948C21F31ECD90003EB55 /* MapViewViewController.swift */; };
/* End PBXBuildFile section */

/* Begin PBXContainerItemProxy section */
		C920D67C1EB624E700D095FC /* PBXContainerItemProxy */ = {
			isa = PBXContainerItemProxy;
			containerPortal = C920D65D1EB624E700D095FC /* Project object */;
			proxyType = 1;
			remoteGlobalIDString = C920D6641EB624E700D095FC;
			remoteInfo = ntucTest;
		};
		C920D6871EB624E700D095FC /* PBXContainerItemProxy */ = {
			isa = PBXContainerItemProxy;
			containerPortal = C920D65D1EB624E700D095FC /* Project object */;
			proxyType = 1;
			remoteGlobalIDString = C920D6641EB624E700D095FC;
			remoteInfo = ntucTest;
		};
		C958BC891F308B94004A83A4 /* PBXContainerItemProxy */ = {
			isa = PBXContainerItemProxy;
			containerPortal = C958BC841F308B94004A83A4 /* Eureka.xcodeproj */;
			proxyType = 2;
			remoteGlobalIDString = 51729DEB1B9A4F5E004A00EB;
			remoteInfo = Eureka;
		};
		C958BC8B1F308B94004A83A4 /* PBXContainerItemProxy */ = {
			isa = PBXContainerItemProxy;
			containerPortal = C958BC841F308B94004A83A4 /* Eureka.xcodeproj */;
			proxyType = 2;
			remoteGlobalIDString = 51729DF51B9A4F5E004A00EB;
			remoteInfo = EurekaTests;
		};
		C9F3A4321F2DD4CF0089DA2F /* PBXContainerItemProxy */ = {
			isa = PBXContainerItemProxy;
			containerPortal = C9F3A42E1F2DD4CF0089DA2F /* RSBarcodes.xcodeproj */;
			proxyType = 2;
			remoteGlobalIDString = D08336371A202E81004EE128;
			remoteInfo = RSBarcodes;
		};
		C9F3A4761F2DD6800089DA2F /* PBXContainerItemProxy */ = {
			isa = PBXContainerItemProxy;
			containerPortal = C9F3A42E1F2DD4CF0089DA2F /* RSBarcodes.xcodeproj */;
			proxyType = 1;
			remoteGlobalIDString = D08336361A202E81004EE128;
			remoteInfo = RSBarcodes;
		};
/* End PBXContainerItemProxy section */

/* Begin PBXCopyFilesBuildPhase section */
		C9F3A4781F2DD6800089DA2F /* Embed Frameworks */ = {
			isa = PBXCopyFilesBuildPhase;
			buildActionMask = 2147483647;
			dstPath = "";
			dstSubfolderSpec = 10;
			files = (
				C92BA25E1F318B04005934E8 /* Eureka.framework in Embed Frameworks */,
				C9F3A4751F2DD6800089DA2F /* RSBarcodes.framework in Embed Frameworks */,
			);
			name = "Embed Frameworks";
			runOnlyForDeploymentPostprocessing = 0;
		};
/* End PBXCopyFilesBuildPhase section */

/* Begin PBXFileReference section */
		06C3BFBBDC60A0A9A4D959D3 /* Pods-ShareATextbook.debug.xcconfig */ = {isa = PBXFileReference; includeInIndex = 1; lastKnownFileType = text.xcconfig; name = "Pods-ShareATextbook.debug.xcconfig"; path = "Pods/Target Support Files/Pods-ShareATextbook/Pods-ShareATextbook.debug.xcconfig"; sourceTree = "<group>"; };
		135B18481F327A860017B331 /* Logout.storyboard */ = {isa = PBXFileReference; fileEncoding = 4; lastKnownFileType = file.storyboard; path = Logout.storyboard; sourceTree = "<group>"; };
		2B81304F1F0BB03800FBA165 /* LoginDataManager.swift */ = {isa = PBXFileReference; fileEncoding = 4; lastKnownFileType = sourcecode.swift; path = LoginDataManager.swift; sourceTree = "<group>"; };
		51E9C45F1F09E39200DF9CD5 /* Search.storyboard */ = {isa = PBXFileReference; fileEncoding = 4; lastKnownFileType = file.storyboard; path = Search.storyboard; sourceTree = "<group>"; };
		8F034BC11F2F1DF000C16F1A /* SkyFloatingLabelTextField.swift */ = {isa = PBXFileReference; fileEncoding = 4; lastKnownFileType = sourcecode.swift; name = SkyFloatingLabelTextField.swift; path = Source/SkyFloatingLabelTextField/SkyFloatingLabelTextField.swift; sourceTree = "<group>"; };
		8F034BC21F2F1DF000C16F1A /* SkyFloatingLabelTextFieldWithIcon.swift */ = {isa = PBXFileReference; fileEncoding = 4; lastKnownFileType = sourcecode.swift; name = SkyFloatingLabelTextFieldWithIcon.swift; path = Source/SkyFloatingLabelTextField/SkyFloatingLabelTextFieldWithIcon.swift; sourceTree = "<group>"; };
		8F034BC31F2F1DF000C16F1A /* UITextField+fixCaretPosition.swift */ = {isa = PBXFileReference; fileEncoding = 4; lastKnownFileType = sourcecode.swift; name = "UITextField+fixCaretPosition.swift"; path = "Source/SkyFloatingLabelTextField/UITextField+fixCaretPosition.swift"; sourceTree = "<group>"; };
		8F034BCE1F2F212500C16F1A /* Map.storyboard */ = {isa = PBXFileReference; fileEncoding = 4; lastKnownFileType = file.storyboard; path = Map.storyboard; sourceTree = "<group>"; };
		8F04F2EE1F33198B00AA48EC /* PointsRecordTableViewController.swift */ = {isa = PBXFileReference; fileEncoding = 4; lastKnownFileType = sourcecode.swift; path = PointsRecordTableViewController.swift; sourceTree = "<group>"; };
		8F04F2F21F332B1800AA48EC /* PointsRecordsTableViewCell.swift */ = {isa = PBXFileReference; fileEncoding = 4; lastKnownFileType = sourcecode.swift; path = PointsRecordsTableViewCell.swift; sourceTree = "<group>"; };
		8F17E05C1F310893007EF6D7 /* Points.swift */ = {isa = PBXFileReference; fileEncoding = 4; lastKnownFileType = sourcecode.swift; path = Points.swift; sourceTree = "<group>"; };
		8F1F32351EFF00D700DE910C /* CustomUIViewButtons.swift */ = {isa = PBXFileReference; fileEncoding = 4; lastKnownFileType = sourcecode.swift; path = CustomUIViewButtons.swift; sourceTree = "<group>"; };
		8F1F323A1F0170C100DE910C /* BEMAnimationManager.h */ = {isa = PBXFileReference; fileEncoding = 4; lastKnownFileType = sourcecode.c.h; path = BEMAnimationManager.h; sourceTree = "<group>"; };
		8F1F323B1F0170C100DE910C /* BEMAnimationManager.m */ = {isa = PBXFileReference; fileEncoding = 4; lastKnownFileType = sourcecode.c.objc; path = BEMAnimationManager.m; sourceTree = "<group>"; };
		8F1F323C1F0170C100DE910C /* BEMCheckBox.h */ = {isa = PBXFileReference; fileEncoding = 4; lastKnownFileType = sourcecode.c.h; path = BEMCheckBox.h; sourceTree = "<group>"; };
		8F1F323D1F0170C100DE910C /* BEMCheckBox.m */ = {isa = PBXFileReference; fileEncoding = 4; lastKnownFileType = sourcecode.c.objc; path = BEMCheckBox.m; sourceTree = "<group>"; };
		8F1F323E1F0170C100DE910C /* BEMCheckBoxGroup.h */ = {isa = PBXFileReference; fileEncoding = 4; lastKnownFileType = sourcecode.c.h; path = BEMCheckBoxGroup.h; sourceTree = "<group>"; };
		8F1F323F1F0170C100DE910C /* BEMCheckBoxGroup.m */ = {isa = PBXFileReference; fileEncoding = 4; lastKnownFileType = sourcecode.c.objc; path = BEMCheckBoxGroup.m; sourceTree = "<group>"; };
		8F1F32401F0170C100DE910C /* BEMPathManager.h */ = {isa = PBXFileReference; fileEncoding = 4; lastKnownFileType = sourcecode.c.h; path = BEMPathManager.h; sourceTree = "<group>"; };
		8F1F32411F0170C100DE910C /* BEMPathManager.m */ = {isa = PBXFileReference; fileEncoding = 4; lastKnownFileType = sourcecode.c.objc; path = BEMPathManager.m; sourceTree = "<group>"; };
		8F1F32461F01710400DE910C /* CheckboxHeader.h */ = {isa = PBXFileReference; fileEncoding = 4; lastKnownFileType = sourcecode.c.h; path = CheckboxHeader.h; sourceTree = "<group>"; };
		8F1F324C1F0194A100DE910C /* HomeContentTableViewCell.swift */ = {isa = PBXFileReference; fileEncoding = 4; lastKnownFileType = sourcecode.swift; path = HomeContentTableViewCell.swift; sourceTree = "<group>"; };
		8F32DB021F0BBE730021D095 /* RegistrationDataManager.swift */ = {isa = PBXFileReference; fileEncoding = 4; lastKnownFileType = sourcecode.swift; path = RegistrationDataManager.swift; sourceTree = "<group>"; };
		8F32DB041F0BBEB40021D095 /* HomeViewController.swift */ = {isa = PBXFileReference; fileEncoding = 4; lastKnownFileType = sourcecode.swift; path = HomeViewController.swift; sourceTree = "<group>"; };
		8F32DB061F0BBF3B0021D095 /* homepage.storyboard */ = {isa = PBXFileReference; fileEncoding = 4; lastKnownFileType = file.storyboard; path = homepage.storyboard; sourceTree = "<group>"; };
		8F49A7A71F1DCEF800725A8D /* HomepageDataManager.swift */ = {isa = PBXFileReference; fileEncoding = 4; lastKnownFileType = sourcecode.swift; path = HomepageDataManager.swift; sourceTree = "<group>"; };
		8F49A7A91F1DD1FC00725A8D /* Categories.swift */ = {isa = PBXFileReference; fileEncoding = 4; lastKnownFileType = sourcecode.swift; path = Categories.swift; sourceTree = "<group>"; };
		8FA25CC51F13654400CB14EF /* pointsystem.storyboard */ = {isa = PBXFileReference; fileEncoding = 4; lastKnownFileType = file.storyboard; path = pointsystem.storyboard; sourceTree = "<group>"; };
		8FDCAB011EFAFC14001D903F /* RegistrationViewController.swift */ = {isa = PBXFileReference; fileEncoding = 4; lastKnownFileType = sourcecode.swift; path = RegistrationViewController.swift; sourceTree = "<group>"; };
		8FDF30E51F0BD5AA00359916 /* feature.xib */ = {isa = PBXFileReference; fileEncoding = 4; lastKnownFileType = file.xib; path = feature.xib; sourceTree = "<group>"; };
		8FDF30E71F0BD69400359916 /* FeatureView.swift */ = {isa = PBXFileReference; fileEncoding = 4; lastKnownFileType = sourcecode.swift; path = FeatureView.swift; sourceTree = "<group>"; };
		8FF04A3B1F136677008FD87F /* ProtectionPointsViewController.swift */ = {isa = PBXFileReference; fileEncoding = 4; lastKnownFileType = sourcecode.swift; path = ProtectionPointsViewController.swift; sourceTree = "<group>"; };
		8FF513F31F01EB13000211DB /* Security.framework */ = {isa = PBXFileReference; lastKnownFileType = wrapper.framework; name = Security.framework; path = System/Library/Frameworks/Security.framework; sourceTree = SDKROOT; };
		8FFD6D441F31B5D0000FCE64 /* PointsTableViewCell.swift */ = {isa = PBXFileReference; fileEncoding = 4; lastKnownFileType = sourcecode.swift; path = PointsTableViewCell.swift; sourceTree = "<group>"; };
		8FFD6D481F31EA13000FCE64 /* PointsDataManager.swift */ = {isa = PBXFileReference; fileEncoding = 4; lastKnownFileType = sourcecode.swift; path = PointsDataManager.swift; sourceTree = "<group>"; };
		C1F885E21F336DA5006ECA20 /* SearchTableViewController.swift */ = {isa = PBXFileReference; fileEncoding = 4; lastKnownFileType = sourcecode.swift; path = SearchTableViewController.swift; sourceTree = "<group>"; };
		C1F885E41F336DC7006ECA20 /* SearchTableViewCell.swift */ = {isa = PBXFileReference; fileEncoding = 4; lastKnownFileType = sourcecode.swift; path = SearchTableViewCell.swift; sourceTree = "<group>"; };
		C917BDF31EF1563E00CBF4F1 /* HTTP.swift */ = {isa = PBXFileReference; fileEncoding = 4; lastKnownFileType = sourcecode.swift; path = HTTP.swift; sourceTree = "<group>"; };
		C917BDF51EF1566D00CBF4F1 /* SwiftyJSON.swift */ = {isa = PBXFileReference; fileEncoding = 4; lastKnownFileType = sourcecode.swift; path = SwiftyJSON.swift; sourceTree = "<group>"; };
		C91D26121F342994006DC4CC /* ChatDataManager.swift */ = {isa = PBXFileReference; fileEncoding = 4; lastKnownFileType = sourcecode.swift; path = ChatDataManager.swift; sourceTree = "<group>"; };
		C92078C41F33267700262CFC /* PinResultViewController.swift */ = {isa = PBXFileReference; fileEncoding = 4; lastKnownFileType = sourcecode.swift; path = PinResultViewController.swift; sourceTree = "<group>"; };
		C92078C61F3360EA00262CFC /* MapAnnotation.swift */ = {isa = PBXFileReference; fileEncoding = 4; lastKnownFileType = sourcecode.swift; path = MapAnnotation.swift; sourceTree = "<group>"; };
		C920D6651EB624E700D095FC /* ShareATextbook.app */ = {isa = PBXFileReference; explicitFileType = wrapper.application; includeInIndex = 0; path = ShareATextbook.app; sourceTree = BUILT_PRODUCTS_DIR; };
		C920D6681EB624E700D095FC /* AppDelegate.swift */ = {isa = PBXFileReference; lastKnownFileType = sourcecode.swift; path = AppDelegate.swift; sourceTree = "<group>"; };
		C920D66A1EB624E700D095FC /* FirstViewController.swift */ = {isa = PBXFileReference; lastKnownFileType = sourcecode.swift; path = FirstViewController.swift; sourceTree = "<group>"; };
		C920D66C1EB624E700D095FC /* SecondViewController.swift */ = {isa = PBXFileReference; lastKnownFileType = sourcecode.swift; path = SecondViewController.swift; sourceTree = "<group>"; };
		C920D66F1EB624E700D095FC /* Base */ = {isa = PBXFileReference; lastKnownFileType = file.storyboard; name = Base; path = Base.lproj/Main.storyboard; sourceTree = "<group>"; };
		C920D6711EB624E700D095FC /* Assets.xcassets */ = {isa = PBXFileReference; lastKnownFileType = folder.assetcatalog; path = Assets.xcassets; sourceTree = "<group>"; };
		C920D6741EB624E700D095FC /* Base */ = {isa = PBXFileReference; lastKnownFileType = file.storyboard; name = Base; path = Base.lproj/LaunchScreen.storyboard; sourceTree = "<group>"; };
		C920D6761EB624E700D095FC /* Info.plist */ = {isa = PBXFileReference; lastKnownFileType = text.plist.xml; path = Info.plist; sourceTree = "<group>"; };
		C920D67B1EB624E700D095FC /* ShareATextbookTests.xctest */ = {isa = PBXFileReference; explicitFileType = wrapper.cfbundle; includeInIndex = 0; path = ShareATextbookTests.xctest; sourceTree = BUILT_PRODUCTS_DIR; };
		C920D67F1EB624E700D095FC /* ntucTestTests.swift */ = {isa = PBXFileReference; lastKnownFileType = sourcecode.swift; path = ntucTestTests.swift; sourceTree = "<group>"; };
		C920D6811EB624E700D095FC /* Info.plist */ = {isa = PBXFileReference; lastKnownFileType = text.plist.xml; path = Info.plist; sourceTree = "<group>"; };
		C920D6861EB624E700D095FC /* ShareATextbookUITests.xctest */ = {isa = PBXFileReference; explicitFileType = wrapper.cfbundle; includeInIndex = 0; path = ShareATextbookUITests.xctest; sourceTree = BUILT_PRODUCTS_DIR; };
		C920D68A1EB624E700D095FC /* ntucTestUITests.swift */ = {isa = PBXFileReference; lastKnownFileType = sourcecode.swift; path = ntucTestUITests.swift; sourceTree = "<group>"; };
		C920D68C1EB624E700D095FC /* Info.plist */ = {isa = PBXFileReference; lastKnownFileType = text.plist.xml; path = Info.plist; sourceTree = "<group>"; };
		C920D69B1EB6259900D095FC /* User.swift */ = {isa = PBXFileReference; fileEncoding = 4; lastKnownFileType = sourcecode.swift; path = User.swift; sourceTree = "<group>"; };
		C920D69D1EB6265400D095FC /* LoginViewController.swift */ = {isa = PBXFileReference; fileEncoding = 4; lastKnownFileType = sourcecode.swift; path = LoginViewController.swift; sourceTree = "<group>"; };
		C92BA2571F317CF3005934E8 /* ChangePasswordViewController.swift */ = {isa = PBXFileReference; fileEncoding = 4; lastKnownFileType = sourcecode.swift; path = ChangePasswordViewController.swift; sourceTree = "<group>"; };
		C92BA25B1F318216005934E8 /* CustomUIImageView.swift */ = {isa = PBXFileReference; fileEncoding = 4; lastKnownFileType = sourcecode.swift; path = CustomUIImageView.swift; sourceTree = "<group>"; };
		C92BA25F1F3194A1005934E8 /* CameraViewController.swift */ = {isa = PBXFileReference; fileEncoding = 4; lastKnownFileType = sourcecode.swift; path = CameraViewController.swift; sourceTree = "<group>"; };
		C92BA26A1F31A8E8005934E8 /* DKImagePickerController.bundle */ = {isa = PBXFileReference; lastKnownFileType = "wrapper.plug-in"; name = DKImagePickerController.bundle; path = Source/DKImagePickerController/DKImagePickerController.bundle; sourceTree = "<group>"; };
		C92BA26B1F31A8E8005934E8 /* DKImagePickerController.h */ = {isa = PBXFileReference; fileEncoding = 4; lastKnownFileType = sourcecode.c.h; name = DKImagePickerController.h; path = Source/DKImagePickerController/DKImagePickerController.h; sourceTree = "<group>"; };
		C92BA26C1F31A8E8005934E8 /* DKImagePickerController.swift */ = {isa = PBXFileReference; fileEncoding = 4; lastKnownFileType = sourcecode.swift; name = DKImagePickerController.swift; path = Source/DKImagePickerController/DKImagePickerController.swift; sourceTree = "<group>"; };
		C92BA26D1F31A8E8005934E8 /* DKImagePickerControllerDefaultUIDelegate.swift */ = {isa = PBXFileReference; fileEncoding = 4; lastKnownFileType = sourcecode.swift; name = DKImagePickerControllerDefaultUIDelegate.swift; path = Source/DKImagePickerController/DKImagePickerControllerDefaultUIDelegate.swift; sourceTree = "<group>"; };
		C92BA26E1F31A8E8005934E8 /* DKImageResource.swift */ = {isa = PBXFileReference; fileEncoding = 4; lastKnownFileType = sourcecode.swift; name = DKImageResource.swift; path = Source/DKImagePickerController/DKImageResource.swift; sourceTree = "<group>"; };
		C92BA26F1F31A8E8005934E8 /* DKPopoverViewController.swift */ = {isa = PBXFileReference; fileEncoding = 4; lastKnownFileType = sourcecode.swift; name = DKPopoverViewController.swift; path = Source/DKImagePickerController/DKPopoverViewController.swift; sourceTree = "<group>"; };
		C92BA2701F31A8E8005934E8 /* Info.plist */ = {isa = PBXFileReference; fileEncoding = 4; lastKnownFileType = text.plist.xml; name = Info.plist; path = Source/DKImagePickerController/Info.plist; sourceTree = "<group>"; };
		C92BA2781F31A8F8005934E8 /* DKAssetGroupDetailVC.swift */ = {isa = PBXFileReference; fileEncoding = 4; lastKnownFileType = sourcecode.swift; name = DKAssetGroupDetailVC.swift; path = Source/DKImagePickerController/View/DKAssetGroupDetailVC.swift; sourceTree = "<group>"; };
		C92BA2791F31A8F8005934E8 /* DKAssetGroupGridLayout.swift */ = {isa = PBXFileReference; fileEncoding = 4; lastKnownFileType = sourcecode.swift; name = DKAssetGroupGridLayout.swift; path = Source/DKImagePickerController/View/DKAssetGroupGridLayout.swift; sourceTree = "<group>"; };
		C92BA27A1F31A8F8005934E8 /* DKAssetGroupListVC.swift */ = {isa = PBXFileReference; fileEncoding = 4; lastKnownFileType = sourcecode.swift; name = DKAssetGroupListVC.swift; path = Source/DKImagePickerController/View/DKAssetGroupListVC.swift; sourceTree = "<group>"; };
		C92BA27B1F31A8F8005934E8 /* DKPermissionView.swift */ = {isa = PBXFileReference; fileEncoding = 4; lastKnownFileType = sourcecode.swift; name = DKPermissionView.swift; path = Source/DKImagePickerController/View/DKPermissionView.swift; sourceTree = "<group>"; };
		C92BA2811F31A90A005934E8 /* DKAssetGroupCellItemProtocol.swift */ = {isa = PBXFileReference; fileEncoding = 4; lastKnownFileType = sourcecode.swift; name = DKAssetGroupCellItemProtocol.swift; path = Source/DKImagePickerController/View/Cell/DKAssetGroupCellItemProtocol.swift; sourceTree = "<group>"; };
		C92BA2821F31A90A005934E8 /* DKAssetGroupDetailBaseCell.swift */ = {isa = PBXFileReference; fileEncoding = 4; lastKnownFileType = sourcecode.swift; name = DKAssetGroupDetailBaseCell.swift; path = Source/DKImagePickerController/View/Cell/DKAssetGroupDetailBaseCell.swift; sourceTree = "<group>"; };
		C92BA2831F31A90A005934E8 /* DKAssetGroupDetailCameraCell.swift */ = {isa = PBXFileReference; fileEncoding = 4; lastKnownFileType = sourcecode.swift; name = DKAssetGroupDetailCameraCell.swift; path = Source/DKImagePickerController/View/Cell/DKAssetGroupDetailCameraCell.swift; sourceTree = "<group>"; };
		C92BA2841F31A90A005934E8 /* DKAssetGroupDetailImageCell.swift */ = {isa = PBXFileReference; fileEncoding = 4; lastKnownFileType = sourcecode.swift; name = DKAssetGroupDetailImageCell.swift; path = Source/DKImagePickerController/View/Cell/DKAssetGroupDetailImageCell.swift; sourceTree = "<group>"; };
		C92BA2851F31A90A005934E8 /* DKAssetGroupDetailVideoCell.swift */ = {isa = PBXFileReference; fileEncoding = 4; lastKnownFileType = sourcecode.swift; name = DKAssetGroupDetailVideoCell.swift; path = Source/DKImagePickerController/View/Cell/DKAssetGroupDetailVideoCell.swift; sourceTree = "<group>"; };
		C92BA28C1F31A933005934E8 /* DKImageManager.swift */ = {isa = PBXFileReference; fileEncoding = 4; lastKnownFileType = sourcecode.swift; name = DKImageManager.swift; path = Source/DKImageManager/DKImageManager.swift; sourceTree = "<group>"; };
		C92BA28F1F31A943005934E8 /* DKGroupDataManager.swift */ = {isa = PBXFileReference; fileEncoding = 4; lastKnownFileType = sourcecode.swift; name = DKGroupDataManager.swift; path = Source/DKImageManager/Data/DKGroupDataManager.swift; sourceTree = "<group>"; };
		C92BA2921F31A953005934E8 /* DKAsset.swift */ = {isa = PBXFileReference; fileEncoding = 4; lastKnownFileType = sourcecode.swift; name = DKAsset.swift; path = Source/DKImageManager/Data/Model/DKAsset.swift; sourceTree = "<group>"; };
		C92BA2931F31A953005934E8 /* DKAssetGroup.swift */ = {isa = PBXFileReference; fileEncoding = 4; lastKnownFileType = sourcecode.swift; name = DKAssetGroup.swift; path = Source/DKImageManager/Data/Model/DKAssetGroup.swift; sourceTree = "<group>"; };
		C92BA2971F31A96C005934E8 /* DKCamera.swift */ = {isa = PBXFileReference; fileEncoding = 4; lastKnownFileType = sourcecode.swift; name = DKCamera.swift; path = Source/DKCamera/DKCamera.swift; sourceTree = "<group>"; };
		C92BA2981F31A96C005934E8 /* DKCameraResource.bundle */ = {isa = PBXFileReference; lastKnownFileType = "wrapper.plug-in"; name = DKCameraResource.bundle; path = Source/DKCamera/DKCameraResource.bundle; sourceTree = "<group>"; };
		C92BA29B1F31A9A8005934E8 /* PostDetailViewController.swift */ = {isa = PBXFileReference; fileEncoding = 4; lastKnownFileType = sourcecode.swift; path = PostDetailViewController.swift; sourceTree = "<group>"; };
		C958BC841F308B94004A83A4 /* Eureka.xcodeproj */ = {isa = PBXFileReference; lastKnownFileType = "wrapper.pb-project"; path = Eureka.xcodeproj; sourceTree = "<group>"; };
		C958BC8E1F308BFD004A83A4 /* LocationValue.swift */ = {isa = PBXFileReference; fileEncoding = 4; lastKnownFileType = sourcecode.swift; path = LocationValue.swift; sourceTree = "<group>"; };
		C958BC901F308D04004A83A4 /* CustomCells.swift */ = {isa = PBXFileReference; fileEncoding = 4; lastKnownFileType = sourcecode.swift; path = CustomCells.swift; sourceTree = "<group>"; };
		C958BC931F308F0C004A83A4 /* Geocoding.swift */ = {isa = PBXFileReference; fileEncoding = 4; lastKnownFileType = sourcecode.swift; path = Geocoding.swift; sourceTree = "<group>"; };
		C958BC951F308F5A004A83A4 /* FloatLabelTextField.swift */ = {isa = PBXFileReference; fileEncoding = 4; lastKnownFileType = sourcecode.swift; path = FloatLabelTextField.swift; sourceTree = "<group>"; };
		C9690BBF1EB994BB0054BAB7 /* CustomTabBarController.swift */ = {isa = PBXFileReference; fileEncoding = 4; lastKnownFileType = sourcecode.swift; path = CustomTabBarController.swift; sourceTree = "<group>"; };
		C9CF89101EB9F14000B5AE95 /* Constants.swift */ = {isa = PBXFileReference; fileEncoding = 4; lastKnownFileType = sourcecode.swift; path = Constants.swift; sourceTree = "<group>"; };
		C9D52B8A1F2ED2BF00F36F50 /* ImageDownload.swift */ = {isa = PBXFileReference; fileEncoding = 4; lastKnownFileType = sourcecode.swift; path = ImageDownload.swift; sourceTree = "<group>"; };
		C9D52B8D1F2ED33E00F36F50 /* ActivityIndicator.swift */ = {isa = PBXFileReference; fileEncoding = 4; lastKnownFileType = sourcecode.swift; name = ActivityIndicator.swift; path = Source/ImageSlideshow/ActivityIndicator.swift; sourceTree = "<group>"; };
		C9D52B8E1F2ED33E00F36F50 /* FullScreenSlideshowViewController.swift */ = {isa = PBXFileReference; fileEncoding = 4; lastKnownFileType = sourcecode.swift; name = FullScreenSlideshowViewController.swift; path = Source/ImageSlideshow/FullScreenSlideshowViewController.swift; sourceTree = "<group>"; };
		C9D52B8F1F2ED33E00F36F50 /* ImageSlideshow.swift */ = {isa = PBXFileReference; fileEncoding = 4; lastKnownFileType = sourcecode.swift; name = ImageSlideshow.swift; path = Source/ImageSlideshow/ImageSlideshow.swift; sourceTree = "<group>"; };
		C9D52B901F2ED33E00F36F50 /* ImageSlideshowItem.swift */ = {isa = PBXFileReference; fileEncoding = 4; lastKnownFileType = sourcecode.swift; name = ImageSlideshowItem.swift; path = Source/ImageSlideshow/ImageSlideshowItem.swift; sourceTree = "<group>"; };
		C9D52B911F2ED33E00F36F50 /* InputSource.swift */ = {isa = PBXFileReference; fileEncoding = 4; lastKnownFileType = sourcecode.swift; name = InputSource.swift; path = Source/ImageSlideshow/InputSource.swift; sourceTree = "<group>"; };
		C9D52B921F2ED33E00F36F50 /* UIImage+AspectFit.swift */ = {isa = PBXFileReference; fileEncoding = 4; lastKnownFileType = sourcecode.swift; name = "UIImage+AspectFit.swift"; path = "Source/ImageSlideshow/UIImage+AspectFit.swift"; sourceTree = "<group>"; };
		C9D52B931F2ED33E00F36F50 /* UIImageView+Tools.swift */ = {isa = PBXFileReference; fileEncoding = 4; lastKnownFileType = sourcecode.swift; name = "UIImageView+Tools.swift"; path = "Source/ImageSlideshow/UIImageView+Tools.swift"; sourceTree = "<group>"; };
		C9D52B941F2ED33E00F36F50 /* ZoomAnimatedTransitioning.swift */ = {isa = PBXFileReference; fileEncoding = 4; lastKnownFileType = sourcecode.swift; name = ZoomAnimatedTransitioning.swift; path = Source/ImageSlideshow/ZoomAnimatedTransitioning.swift; sourceTree = "<group>"; };
		C9D52B9E1F2ED35D00F36F50 /* ic_cross_white@2x.png */ = {isa = PBXFileReference; lastKnownFileType = image.png; name = "ic_cross_white@2x.png"; path = "Source/ImageSlideshow/Assets/ic_cross_white@2x.png"; sourceTree = "<group>"; };
		C9D52B9F1F2ED35D00F36F50 /* ic_cross_white@3x.png */ = {isa = PBXFileReference; lastKnownFileType = image.png; name = "ic_cross_white@3x.png"; path = "Source/ImageSlideshow/Assets/ic_cross_white@3x.png"; sourceTree = "<group>"; };
		C9F1F3821EC1FD8C00E8C71C /* CustomNavigationViewController.swift */ = {isa = PBXFileReference; fileEncoding = 4; lastKnownFileType = sourcecode.swift; path = CustomNavigationViewController.swift; sourceTree = "<group>"; };
		C9F3A3C91F2DCD710089DA2F /* NewItem.storyboard */ = {isa = PBXFileReference; fileEncoding = 4; lastKnownFileType = file.storyboard; path = NewItem.storyboard; sourceTree = "<group>"; };
		C9F3A3CA1F2DCD710089DA2F /* Profile.storyboard */ = {isa = PBXFileReference; fileEncoding = 4; lastKnownFileType = file.storyboard; path = Profile.storyboard; sourceTree = "<group>"; };
		C9F3A3CD1F2DCE1F0089DA2F /* ISBN.swift */ = {isa = PBXFileReference; fileEncoding = 4; lastKnownFileType = sourcecode.swift; path = ISBN.swift; sourceTree = "<group>"; };
		C9F3A3CE1F2DCE1F0089DA2F /* Posting.swift */ = {isa = PBXFileReference; fileEncoding = 4; lastKnownFileType = sourcecode.swift; path = Posting.swift; sourceTree = "<group>"; };
		C9F3A3D11F2DCE530089DA2F /* Category.swift */ = {isa = PBXFileReference; fileEncoding = 4; lastKnownFileType = sourcecode.swift; path = Category.swift; sourceTree = "<group>"; };
		C9F3A42E1F2DD4CF0089DA2F /* RSBarcodes.xcodeproj */ = {isa = PBXFileReference; lastKnownFileType = "wrapper.pb-project"; path = RSBarcodes.xcodeproj; sourceTree = "<group>"; };
		C9F3A4341F2DD4E60089DA2F /* DateHelper.h */ = {isa = PBXFileReference; fileEncoding = 4; lastKnownFileType = sourcecode.c.h; name = DateHelper.h; path = Source/DateHelper/DateHelper.h; sourceTree = "<group>"; };
		C9F3A4351F2DD4E60089DA2F /* DateHelper.swift */ = {isa = PBXFileReference; fileEncoding = 4; lastKnownFileType = sourcecode.swift; name = DateHelper.swift; path = Source/DateHelper/DateHelper.swift; sourceTree = "<group>"; };
		C9F3A4361F2DD4E60089DA2F /* Info-iOS.plist */ = {isa = PBXFileReference; fileEncoding = 4; lastKnownFileType = text.plist.xml; name = "Info-iOS.plist"; path = "Source/DateHelper/Info-iOS.plist"; sourceTree = "<group>"; };
		C9F3A46E1F2DD5D80089DA2F /* CustomUIButton.swift */ = {isa = PBXFileReference; fileEncoding = 4; lastKnownFileType = sourcecode.swift; path = CustomUIButton.swift; sourceTree = "<group>"; };
		C9F3A46F1F2DD5D80089DA2F /* CustomUILabel.swift */ = {isa = PBXFileReference; fileEncoding = 4; lastKnownFileType = sourcecode.swift; path = CustomUILabel.swift; sourceTree = "<group>"; };
		C9F3A4701F2DD5D80089DA2F /* CustomUIView.swift */ = {isa = PBXFileReference; fileEncoding = 4; lastKnownFileType = sourcecode.swift; path = CustomUIView.swift; sourceTree = "<group>"; };
		C9F3A47A1F2DD8090089DA2F /* CustomCameraUIDelegate.swift */ = {isa = PBXFileReference; fileEncoding = 4; lastKnownFileType = sourcecode.swift; path = CustomCameraUIDelegate.swift; sourceTree = "<group>"; };
		C9F3A47E1F2DD8830089DA2F /* PostingViewController.swift */ = {isa = PBXFileReference; fileEncoding = 4; lastKnownFileType = sourcecode.swift; path = PostingViewController.swift; sourceTree = "<group>"; };
		C9F3A4801F2DE73B0089DA2F /* CategoryDataManager.swift */ = {isa = PBXFileReference; fileEncoding = 4; lastKnownFileType = sourcecode.swift; path = CategoryDataManager.swift; sourceTree = "<group>"; };
		C9F3A4811F2DE73B0089DA2F /* ISBNDataManager.swift */ = {isa = PBXFileReference; fileEncoding = 4; lastKnownFileType = sourcecode.swift; path = ISBNDataManager.swift; sourceTree = "<group>"; };
		C9F3A4821F2DE73B0089DA2F /* PostingDataManager.swift */ = {isa = PBXFileReference; fileEncoding = 4; lastKnownFileType = sourcecode.swift; path = PostingDataManager.swift; sourceTree = "<group>"; };
		C9F3A4831F2DE73B0089DA2F /* UserDataManager.swift */ = {isa = PBXFileReference; fileEncoding = 4; lastKnownFileType = sourcecode.swift; path = UserDataManager.swift; sourceTree = "<group>"; };
		C9F3A4881F2DE79B0089DA2F /* BarcodeReaderCaptureViewController.swift */ = {isa = PBXFileReference; fileEncoding = 4; lastKnownFileType = sourcecode.swift; path = BarcodeReaderCaptureViewController.swift; sourceTree = "<group>"; };
		C9F3A4891F2DE79B0089DA2F /* BarcodeReaderViewController.swift */ = {isa = PBXFileReference; fileEncoding = 4; lastKnownFileType = sourcecode.swift; path = BarcodeReaderViewController.swift; sourceTree = "<group>"; };
		C9F3A48A1F2DE79B0089DA2F /* EducationLevelViewController.swift */ = {isa = PBXFileReference; fileEncoding = 4; lastKnownFileType = sourcecode.swift; path = EducationLevelViewController.swift; sourceTree = "<group>"; };
		C9F3A48B1F2DE79B0089DA2F /* ImagePickerViewController.swift */ = {isa = PBXFileReference; fileEncoding = 4; lastKnownFileType = sourcecode.swift; path = ImagePickerViewController.swift; sourceTree = "<group>"; };
		C9F3A48D1F2DE79B0089DA2F /* PostingDetailsFormTableViewController.swift */ = {isa = PBXFileReference; fileEncoding = 4; lastKnownFileType = sourcecode.swift; path = PostingDetailsFormTableViewController.swift; sourceTree = "<group>"; };
		C9F3A48E1F2DE79B0089DA2F /* PostingImageCollectionViewCell.swift */ = {isa = PBXFileReference; fileEncoding = 4; lastKnownFileType = sourcecode.swift; path = PostingImageCollectionViewCell.swift; sourceTree = "<group>"; };
		C9F3A48F1F2DE79B0089DA2F /* SubjectViewController.swift */ = {isa = PBXFileReference; fileEncoding = 4; lastKnownFileType = sourcecode.swift; path = SubjectViewController.swift; sourceTree = "<group>"; };
		C9F3A4991F2DE7F40089DA2F /* EditProfileViewController.swift */ = {isa = PBXFileReference; fileEncoding = 4; lastKnownFileType = sourcecode.swift; path = EditProfileViewController.swift; sourceTree = "<group>"; };
		C9F3A49B1F2DE7F40089DA2F /* ProfileViewController.swift */ = {isa = PBXFileReference; fileEncoding = 4; lastKnownFileType = sourcecode.swift; path = ProfileViewController.swift; sourceTree = "<group>"; };
		C9F3A49F1F2DE8AD0089DA2F /* SettingsTableViewCell.swift */ = {isa = PBXFileReference; fileEncoding = 4; lastKnownFileType = sourcecode.swift; path = SettingsTableViewCell.swift; sourceTree = "<group>"; };
		C9F3A4A01F2DE8AD0089DA2F /* SettingsViewController.swift */ = {isa = PBXFileReference; fileEncoding = 4; lastKnownFileType = sourcecode.swift; path = SettingsViewController.swift; sourceTree = "<group>"; };
		C9F3A4BB1F2DE9C90089DA2F /* ItemCollectionViewCell.swift */ = {isa = PBXFileReference; fileEncoding = 4; lastKnownFileType = sourcecode.swift; path = ItemCollectionViewCell.swift; sourceTree = "<group>"; };
		C9F3A4BD1F2DE9EE0089DA2F /* TestViewController.swift */ = {isa = PBXFileReference; fileEncoding = 4; lastKnownFileType = sourcecode.swift; path = TestViewController.swift; sourceTree = "<group>"; };
		C9F948C21F31ECD90003EB55 /* MapViewViewController.swift */ = {isa = PBXFileReference; fileEncoding = 4; lastKnownFileType = sourcecode.swift; path = MapViewViewController.swift; sourceTree = "<group>"; };
		CB52F9B7334471142FFCD4C4 /* Pods-ShareATextbook.release.xcconfig */ = {isa = PBXFileReference; includeInIndex = 1; lastKnownFileType = text.xcconfig; name = "Pods-ShareATextbook.release.xcconfig"; path = "Pods/Target Support Files/Pods-ShareATextbook/Pods-ShareATextbook.release.xcconfig"; sourceTree = "<group>"; };
		D83E37E6285D9CED1BB5FA45 /* Pods_ShareATextbook.framework */ = {isa = PBXFileReference; explicitFileType = wrapper.framework; includeInIndex = 0; path = Pods_ShareATextbook.framework; sourceTree = BUILT_PRODUCTS_DIR; };
/* End PBXFileReference section */

/* Begin PBXFrameworksBuildPhase section */
		C920D6621EB624E700D095FC /* Frameworks */ = {
			isa = PBXFrameworksBuildPhase;
			buildActionMask = 2147483647;
			files = (
				C9F3A4741F2DD6800089DA2F /* RSBarcodes.framework in Frameworks */,
				8FF513F41F01EB13000211DB /* Security.framework in Frameworks */,
				19B3D3DE49165A3011E79200 /* Pods_ShareATextbook.framework in Frameworks */,
			);
			runOnlyForDeploymentPostprocessing = 0;
		};
		C920D6781EB624E700D095FC /* Frameworks */ = {
			isa = PBXFrameworksBuildPhase;
			buildActionMask = 2147483647;
			files = (
			);
			runOnlyForDeploymentPostprocessing = 0;
		};
		C920D6831EB624E700D095FC /* Frameworks */ = {
			isa = PBXFrameworksBuildPhase;
			buildActionMask = 2147483647;
			files = (
			);
			runOnlyForDeploymentPostprocessing = 0;
		};
/* End PBXFrameworksBuildPhase section */

/* Begin PBXGroup section */
		51FD58861EDD401F00D07539 /* Helpers */ = {
			isa = PBXGroup;
			children = (
				C9D52B8A1F2ED2BF00F36F50 /* ImageDownload.swift */,
				C917BDF31EF1563E00CBF4F1 /* HTTP.swift */,
				C917BDF51EF1566D00CBF4F1 /* SwiftyJSON.swift */,
			);
			name = Helpers;
			sourceTree = "<group>";
		};
		61BB8212E32301D7E38CEBAD /* Pods */ = {
			isa = PBXGroup;
			children = (
				06C3BFBBDC60A0A9A4D959D3 /* Pods-ShareATextbook.debug.xcconfig */,
				CB52F9B7334471142FFCD4C4 /* Pods-ShareATextbook.release.xcconfig */,
			);
			name = Pods;
			sourceTree = "<group>";
		};
		8F1F32391F0170C100DE910C /* Classes */ = {
			isa = PBXGroup;
			children = (
				8F1F323A1F0170C100DE910C /* BEMAnimationManager.h */,
				8F1F323B1F0170C100DE910C /* BEMAnimationManager.m */,
				8F1F323C1F0170C100DE910C /* BEMCheckBox.h */,
				8F1F323D1F0170C100DE910C /* BEMCheckBox.m */,
				8F1F323E1F0170C100DE910C /* BEMCheckBoxGroup.h */,
				8F1F323F1F0170C100DE910C /* BEMCheckBoxGroup.m */,
				8F1F32401F0170C100DE910C /* BEMPathManager.h */,
				8F1F32411F0170C100DE910C /* BEMPathManager.m */,
			);
			path = Classes;
			sourceTree = "<group>";
		};
		8F1F32471F01711D00DE910C /* Header Files */ = {
			isa = PBXGroup;
			children = (
				8F1F32461F01710400DE910C /* CheckboxHeader.h */,
			);
			name = "Header Files";
			path = ..;
			sourceTree = "<group>";
		};
		8FDF30E41F0BD56B00359916 /* XIB */ = {
			isa = PBXGroup;
			children = (
				8FDF30E51F0BD5AA00359916 /* feature.xib */,
			);
			name = XIB;
			sourceTree = "<group>";
		};
		8FF513F21F01EB13000211DB /* Frameworks */ = {
			isa = PBXGroup;
			children = (
				8FF513F31F01EB13000211DB /* Security.framework */,
				D83E37E6285D9CED1BB5FA45 /* Pods_ShareATextbook.framework */,
			);
			name = Frameworks;
			sourceTree = "<group>";
		};
		8FFD6D4C1F31FFBE000FCE64 /* Protection Points */ = {
			isa = PBXGroup;
			children = (
				8FF04A3B1F136677008FD87F /* ProtectionPointsViewController.swift */,
				8FFD6D441F31B5D0000FCE64 /* PointsTableViewCell.swift */,
				8F04F2EE1F33198B00AA48EC /* PointsRecordTableViewController.swift */,
				8F04F2F21F332B1800AA48EC /* PointsRecordsTableViewCell.swift */,
			);
			name = "Protection Points";
			sourceTree = "<group>";
		};
		C1F885DF1F336D7A006ECA20 /* Search */ = {
			isa = PBXGroup;
			children = (
				C1F885E21F336DA5006ECA20 /* SearchTableViewController.swift */,
				C1F885E41F336DC7006ECA20 /* SearchTableViewCell.swift */,
			);
			name = Search;
			sourceTree = "<group>";
		};
		C920D65C1EB624E700D095FC = {
			isa = PBXGroup;
			children = (
				C920D6671EB624E700D095FC /* ShareATextbook */,
				C920D67E1EB624E700D095FC /* ShareATextbookTests */,
				C920D6891EB624E700D095FC /* ShareATextbooUITests */,
				C920D6661EB624E700D095FC /* Products */,
				8FF513F21F01EB13000211DB /* Frameworks */,
				61BB8212E32301D7E38CEBAD /* Pods */,
			);
			sourceTree = "<group>";
		};
		C920D6661EB624E700D095FC /* Products */ = {
			isa = PBXGroup;
			children = (
				C920D6651EB624E700D095FC /* ShareATextbook.app */,
				C920D67B1EB624E700D095FC /* ShareATextbookTests.xctest */,
				C920D6861EB624E700D095FC /* ShareATextbookUITests.xctest */,
			);
			name = Products;
			sourceTree = "<group>";
		};
		C920D6671EB624E700D095FC /* ShareATextbook */ = {
			isa = PBXGroup;
			children = (
				C9F3A4281F2DD4700089DA2F /* Supporting Files */,
				8F1F32471F01711D00DE910C /* Header Files */,
				8F1F32391F0170C100DE910C /* Classes */,
				51FD58861EDD401F00D07539 /* Helpers */,
				C921B9221ED8772C00599E7B /* DataManagers */,
				C920D69A1EB6254400D095FC /* ViewControllers */,
				C920D6991EB6253F00D095FC /* Storyboards */,
				C920D6981EB6253600D095FC /* Model */,
				C920D6681EB624E700D095FC /* AppDelegate.swift */,
				C920D6711EB624E700D095FC /* Assets.xcassets */,
				C920D6731EB624E700D095FC /* LaunchScreen.storyboard */,
				C920D6761EB624E700D095FC /* Info.plist */,
				C9CF89101EB9F14000B5AE95 /* Constants.swift */,
			);
			path = ShareATextbook;
			sourceTree = "<group>";
		};
		C920D67E1EB624E700D095FC /* ShareATextbookTests */ = {
			isa = PBXGroup;
			children = (
				C920D67F1EB624E700D095FC /* ntucTestTests.swift */,
				C920D6811EB624E700D095FC /* Info.plist */,
			);
			path = ShareATextbookTests;
			sourceTree = "<group>";
		};
		C920D6891EB624E700D095FC /* ShareATextbooUITests */ = {
			isa = PBXGroup;
			children = (
				C920D68A1EB624E700D095FC /* ntucTestUITests.swift */,
				C920D68C1EB624E700D095FC /* Info.plist */,
			);
			name = ShareATextbooUITests;
			path = ShareATextbookUITests;
			sourceTree = "<group>";
		};
		C920D6981EB6253600D095FC /* Model */ = {
			isa = PBXGroup;
			children = (
				C9F3A3D11F2DCE530089DA2F /* Category.swift */,
				C9F3A3CD1F2DCE1F0089DA2F /* ISBN.swift */,
				C9F3A3CE1F2DCE1F0089DA2F /* Posting.swift */,
				C920D69B1EB6259900D095FC /* User.swift */,
				8F49A7A91F1DD1FC00725A8D /* Categories.swift */,
				8F17E05C1F310893007EF6D7 /* Points.swift */,
				C92078C61F3360EA00262CFC /* MapAnnotation.swift */,
			);
			name = Model;
			sourceTree = "<group>";
		};
		C920D6991EB6253F00D095FC /* Storyboards */ = {
			isa = PBXGroup;
			children = (
				8FDF30E41F0BD56B00359916 /* XIB */,
				C9F3A3C91F2DCD710089DA2F /* NewItem.storyboard */,
				C9F3A3CA1F2DCD710089DA2F /* Profile.storyboard */,
				8F034BCE1F2F212500C16F1A /* Map.storyboard */,
				C920D66E1EB624E700D095FC /* Main.storyboard */,
				51E9C45F1F09E39200DF9CD5 /* Search.storyboard */,
				8F32DB061F0BBF3B0021D095 /* homepage.storyboard */,
				8FA25CC51F13654400CB14EF /* pointsystem.storyboard */,
				135B18481F327A860017B331 /* Logout.storyboard */,
			);
			name = Storyboards;
			sourceTree = "<group>";
		};
		C920D69A1EB6254400D095FC /* ViewControllers */ = {
			isa = PBXGroup;
			children = (
				C1F885DF1F336D7A006ECA20 /* Search */,
				8FFD6D4C1F31FFBE000FCE64 /* Protection Points */,
				C9F3A49F1F2DE8AD0089DA2F /* SettingsTableViewCell.swift */,
				C9F3A4A01F2DE8AD0089DA2F /* SettingsViewController.swift */,
				C9F3A4981F2DE7CE0089DA2F /* Profile */,
				C9F3A4791F2DD7100089DA2F /* Posting */,
				C921B9231ED878E600599E7B /* CustomViewControllers */,
				C920D66A1EB624E700D095FC /* FirstViewController.swift */,
				C920D66C1EB624E700D095FC /* SecondViewController.swift */,
				C920D69D1EB6265400D095FC /* LoginViewController.swift */,
				8FDCAB011EFAFC14001D903F /* RegistrationViewController.swift */,
				8F1F324C1F0194A100DE910C /* HomeContentTableViewCell.swift */,
				8F32DB041F0BBEB40021D095 /* HomeViewController.swift */,
			);
			name = ViewControllers;
			sourceTree = "<group>";
		};
		C921B9221ED8772C00599E7B /* DataManagers */ = {
			isa = PBXGroup;
			children = (
				C9F3A4801F2DE73B0089DA2F /* CategoryDataManager.swift */,
				C9F3A4811F2DE73B0089DA2F /* ISBNDataManager.swift */,
				C9F3A4821F2DE73B0089DA2F /* PostingDataManager.swift */,
				C9F3A4831F2DE73B0089DA2F /* UserDataManager.swift */,
				8F32DB021F0BBE730021D095 /* RegistrationDataManager.swift */,
				2B81304F1F0BB03800FBA165 /* LoginDataManager.swift */,
				8F49A7A71F1DCEF800725A8D /* HomepageDataManager.swift */,
				8FFD6D481F31EA13000FCE64 /* PointsDataManager.swift */,
				C91D26121F342994006DC4CC /* ChatDataManager.swift */,
			);
			name = DataManagers;
			sourceTree = "<group>";
		};
		C921B9231ED878E600599E7B /* CustomViewControllers */ = {
			isa = PBXGroup;
			children = (
				C9F3A46E1F2DD5D80089DA2F /* CustomUIButton.swift */,
				C9F3A46F1F2DD5D80089DA2F /* CustomUILabel.swift */,
				C9F3A4701F2DD5D80089DA2F /* CustomUIView.swift */,
				C9690BBF1EB994BB0054BAB7 /* CustomTabBarController.swift */,
				C9F1F3821EC1FD8C00E8C71C /* CustomNavigationViewController.swift */,
				8F1F32351EFF00D700DE910C /* CustomUIViewButtons.swift */,
				8FDF30E71F0BD69400359916 /* FeatureView.swift */,
				C92BA25B1F318216005934E8 /* CustomUIImageView.swift */,
			);
			name = CustomViewControllers;
			sourceTree = "<group>";
		};
		C92BA2691F31A8D4005934E8 /* DKImagePickerController */ = {
			isa = PBXGroup;
			children = (
				C92BA2771F31A8EB005934E8 /* View */,
				C92BA26A1F31A8E8005934E8 /* DKImagePickerController.bundle */,
				C92BA26B1F31A8E8005934E8 /* DKImagePickerController.h */,
				C92BA26C1F31A8E8005934E8 /* DKImagePickerController.swift */,
				C92BA26D1F31A8E8005934E8 /* DKImagePickerControllerDefaultUIDelegate.swift */,
				C92BA26E1F31A8E8005934E8 /* DKImageResource.swift */,
				C92BA26F1F31A8E8005934E8 /* DKPopoverViewController.swift */,
				C92BA2701F31A8E8005934E8 /* Info.plist */,
			);
			name = DKImagePickerController;
			sourceTree = "<group>";
		};
		C92BA2771F31A8EB005934E8 /* View */ = {
			isa = PBXGroup;
			children = (
				C92BA2801F31A8FA005934E8 /* Cell */,
				C92BA2781F31A8F8005934E8 /* DKAssetGroupDetailVC.swift */,
				C92BA2791F31A8F8005934E8 /* DKAssetGroupGridLayout.swift */,
				C92BA27A1F31A8F8005934E8 /* DKAssetGroupListVC.swift */,
				C92BA27B1F31A8F8005934E8 /* DKPermissionView.swift */,
			);
			name = View;
			sourceTree = "<group>";
		};
		C92BA2801F31A8FA005934E8 /* Cell */ = {
			isa = PBXGroup;
			children = (
				C92BA2811F31A90A005934E8 /* DKAssetGroupCellItemProtocol.swift */,
				C92BA2821F31A90A005934E8 /* DKAssetGroupDetailBaseCell.swift */,
				C92BA2831F31A90A005934E8 /* DKAssetGroupDetailCameraCell.swift */,
				C92BA2841F31A90A005934E8 /* DKAssetGroupDetailImageCell.swift */,
				C92BA2851F31A90A005934E8 /* DKAssetGroupDetailVideoCell.swift */,
			);
			name = Cell;
			sourceTree = "<group>";
		};
		C92BA28B1F31A917005934E8 /* DKImageManager */ = {
			isa = PBXGroup;
			children = (
				C92BA28E1F31A936005934E8 /* Data */,
				C92BA28C1F31A933005934E8 /* DKImageManager.swift */,
			);
			name = DKImageManager;
			sourceTree = "<group>";
		};
		C92BA28E1F31A936005934E8 /* Data */ = {
			isa = PBXGroup;
			children = (
				C92BA2911F31A946005934E8 /* Model */,
				C92BA28F1F31A943005934E8 /* DKGroupDataManager.swift */,
			);
			name = Data;
			sourceTree = "<group>";
		};
		C92BA2911F31A946005934E8 /* Model */ = {
			isa = PBXGroup;
			children = (
				C92BA2921F31A953005934E8 /* DKAsset.swift */,
				C92BA2931F31A953005934E8 /* DKAssetGroup.swift */,
			);
			name = Model;
			sourceTree = "<group>";
		};
		C92BA2961F31A960005934E8 /* DKCamera */ = {
			isa = PBXGroup;
			children = (
				C92BA2971F31A96C005934E8 /* DKCamera.swift */,
				C92BA2981F31A96C005934E8 /* DKCameraResource.bundle */,
			);
			name = DKCamera;
			sourceTree = "<group>";
		};
		C958BC851F308B94004A83A4 /* Products */ = {
			isa = PBXGroup;
			children = (
				C958BC8A1F308B94004A83A4 /* Eureka.framework */,
				C958BC8C1F308B94004A83A4 /* EurekaTests.xctest */,
			);
			name = Products;
			sourceTree = "<group>";
		};
		C958BC921F308EE4004A83A4 /* Eureka */ = {
			isa = PBXGroup;
			children = (
				C958BC951F308F5A004A83A4 /* FloatLabelTextField.swift */,
				C958BC931F308F0C004A83A4 /* Geocoding.swift */,
				C958BC8E1F308BFD004A83A4 /* LocationValue.swift */,
				C958BC901F308D04004A83A4 /* CustomCells.swift */,
				C958BC841F308B94004A83A4 /* Eureka.xcodeproj */,
			);
			name = Eureka;
			sourceTree = "<group>";
		};
		C9D52B8C1F2ED32F00F36F50 /* ImageSlideshow */ = {
			isa = PBXGroup;
			children = (
				C9D52B9D1F2ED34300F36F50 /* Assets */,
				C9D52B8D1F2ED33E00F36F50 /* ActivityIndicator.swift */,
				C9D52B8E1F2ED33E00F36F50 /* FullScreenSlideshowViewController.swift */,
				C9D52B8F1F2ED33E00F36F50 /* ImageSlideshow.swift */,
				C9D52B901F2ED33E00F36F50 /* ImageSlideshowItem.swift */,
				C9D52B911F2ED33E00F36F50 /* InputSource.swift */,
				C9D52B921F2ED33E00F36F50 /* UIImage+AspectFit.swift */,
				C9D52B931F2ED33E00F36F50 /* UIImageView+Tools.swift */,
				C9D52B941F2ED33E00F36F50 /* ZoomAnimatedTransitioning.swift */,
			);
			name = ImageSlideshow;
			sourceTree = "<group>";
		};
		C9D52B9D1F2ED34300F36F50 /* Assets */ = {
			isa = PBXGroup;
			children = (
				C9D52B9E1F2ED35D00F36F50 /* ic_cross_white@2x.png */,
				C9D52B9F1F2ED35D00F36F50 /* ic_cross_white@3x.png */,
			);
			name = Assets;
			sourceTree = "<group>";
		};
		C9F3A4281F2DD4700089DA2F /* Supporting Files */ = {
			isa = PBXGroup;
			children = (
				C92BA2961F31A960005934E8 /* DKCamera */,
				C92BA28B1F31A917005934E8 /* DKImageManager */,
				C92BA2691F31A8D4005934E8 /* DKImagePickerController */,
				C958BC921F308EE4004A83A4 /* Eureka */,
				C9D52B8C1F2ED32F00F36F50 /* ImageSlideshow */,
				C9F3A42E1F2DD4CF0089DA2F /* RSBarcodes.xcodeproj */,
				C9F3A42A1F2DD47F0089DA2F /* CustomTextField */,
				C9F3A4291F2DD4780089DA2F /* DateHelper */,
			);
			name = "Supporting Files";
			sourceTree = "<group>";
		};
		C9F3A4291F2DD4780089DA2F /* DateHelper */ = {
			isa = PBXGroup;
			children = (
				C9F3A4341F2DD4E60089DA2F /* DateHelper.h */,
				C9F3A4351F2DD4E60089DA2F /* DateHelper.swift */,
				C9F3A4361F2DD4E60089DA2F /* Info-iOS.plist */,
			);
			name = DateHelper;
			sourceTree = "<group>";
		};
		C9F3A42A1F2DD47F0089DA2F /* CustomTextField */ = {
			isa = PBXGroup;
			children = (
				8F034BC11F2F1DF000C16F1A /* SkyFloatingLabelTextField.swift */,
				8F034BC21F2F1DF000C16F1A /* SkyFloatingLabelTextFieldWithIcon.swift */,
				8F034BC31F2F1DF000C16F1A /* UITextField+fixCaretPosition.swift */,
			);
			name = CustomTextField;
			sourceTree = "<group>";
		};
		C9F3A42F1F2DD4CF0089DA2F /* Products */ = {
			isa = PBXGroup;
			children = (
				C9F3A4331F2DD4CF0089DA2F /* RSBarcodes.framework */,
			);
			name = Products;
			sourceTree = "<group>";
		};
		C9F3A4791F2DD7100089DA2F /* Posting */ = {
			isa = PBXGroup;
			children = (
				C9F3A4BD1F2DE9EE0089DA2F /* TestViewController.swift */,
				C9F3A4881F2DE79B0089DA2F /* BarcodeReaderCaptureViewController.swift */,
				C9F3A4891F2DE79B0089DA2F /* BarcodeReaderViewController.swift */,
				C9F3A48A1F2DE79B0089DA2F /* EducationLevelViewController.swift */,
				C9F3A48B1F2DE79B0089DA2F /* ImagePickerViewController.swift */,
				C9F3A48D1F2DE79B0089DA2F /* PostingDetailsFormTableViewController.swift */,
				C9F3A48E1F2DE79B0089DA2F /* PostingImageCollectionViewCell.swift */,
				C9F3A48F1F2DE79B0089DA2F /* SubjectViewController.swift */,
				C9F3A47E1F2DD8830089DA2F /* PostingViewController.swift */,
				C9F3A47A1F2DD8090089DA2F /* CustomCameraUIDelegate.swift */,
			);
			name = Posting;
			sourceTree = "<group>";
		};
		C9F3A4981F2DE7CE0089DA2F /* Profile */ = {
			isa = PBXGroup;
			children = (
				C92BA29B1F31A9A8005934E8 /* PostDetailViewController.swift */,
				C9F3A4BB1F2DE9C90089DA2F /* ItemCollectionViewCell.swift */,
				C9F3A4991F2DE7F40089DA2F /* EditProfileViewController.swift */,
				C9F3A49B1F2DE7F40089DA2F /* ProfileViewController.swift */,
				C92BA2571F317CF3005934E8 /* ChangePasswordViewController.swift */,
				C92BA25F1F3194A1005934E8 /* CameraViewController.swift */,
			);
			name = Profile;
			sourceTree = "<group>";
		};
		C9F948BB1F31DB2F0003EB55 /* Map */ = {
			isa = PBXGroup;
			children = (
				C9F948C21F31ECD90003EB55 /* MapViewViewController.swift */,
				C92078C41F33267700262CFC /* PinResultViewController.swift */,
			);
			name = Map;
			sourceTree = "<group>";
		};
/* End PBXGroup section */

/* Begin PBXNativeTarget section */
		C920D6641EB624E700D095FC /* ShareATextbook */ = {
			isa = PBXNativeTarget;
			buildConfigurationList = C920D68F1EB624E700D095FC /* Build configuration list for PBXNativeTarget "ShareATextbook" */;
			buildPhases = (
				D064B9A31114F89AE80823A8 /* [CP] Check Pods Manifest.lock */,
				C920D6611EB624E700D095FC /* Sources */,
				C920D6621EB624E700D095FC /* Frameworks */,
				C920D6631EB624E700D095FC /* Resources */,
				C9F3A4781F2DD6800089DA2F /* Embed Frameworks */,
				96C42B19F6213568CAD3693D /* [CP] Embed Pods Frameworks */,
				52FFC15615F5AF21A459616B /* [CP] Copy Pods Resources */,
			);
			buildRules = (
			);
			dependencies = (
				C9F3A4771F2DD6800089DA2F /* PBXTargetDependency */,
			);
			name = ShareATextbook;
			productName = ntucTest;
			productReference = C920D6651EB624E700D095FC /* ShareATextbook.app */;
			productType = "com.apple.product-type.application";
		};
		C920D67A1EB624E700D095FC /* ShareATextbookTests */ = {
			isa = PBXNativeTarget;
			buildConfigurationList = C920D6921EB624E700D095FC /* Build configuration list for PBXNativeTarget "ShareATextbookTests" */;
			buildPhases = (
				C920D6771EB624E700D095FC /* Sources */,
				C920D6781EB624E700D095FC /* Frameworks */,
				C920D6791EB624E700D095FC /* Resources */,
			);
			buildRules = (
			);
			dependencies = (
				C920D67D1EB624E700D095FC /* PBXTargetDependency */,
			);
			name = ShareATextbookTests;
			productName = ntucTestTests;
			productReference = C920D67B1EB624E700D095FC /* ShareATextbookTests.xctest */;
			productType = "com.apple.product-type.bundle.unit-test";
		};
		C920D6851EB624E700D095FC /* ShareATextbookUITests */ = {
			isa = PBXNativeTarget;
			buildConfigurationList = C920D6951EB624E700D095FC /* Build configuration list for PBXNativeTarget "ShareATextbookUITests" */;
			buildPhases = (
				C920D6821EB624E700D095FC /* Sources */,
				C920D6831EB624E700D095FC /* Frameworks */,
				C920D6841EB624E700D095FC /* Resources */,
			);
			buildRules = (
			);
			dependencies = (
				C920D6881EB624E700D095FC /* PBXTargetDependency */,
			);
			name = ShareATextbookUITests;
			productName = ntucTestUITests;
			productReference = C920D6861EB624E700D095FC /* ShareATextbookUITests.xctest */;
			productType = "com.apple.product-type.bundle.ui-testing";
		};
/* End PBXNativeTarget section */

/* Begin PBXProject section */
		C920D65D1EB624E700D095FC /* Project object */ = {
			isa = PBXProject;
			attributes = {
				LastSwiftUpdateCheck = 0830;
				LastUpgradeCheck = 0830;
				ORGANIZATIONNAME = "Chia Li Yun";
				TargetAttributes = {
					C920D6641EB624E700D095FC = {
						CreatedOnToolsVersion = 8.3.2;
						DevelopmentTeam = 89782M2XS3;
						ProvisioningStyle = Automatic;
					};
					C920D67A1EB624E700D095FC = {
						CreatedOnToolsVersion = 8.3.2;
						ProvisioningStyle = Automatic;
						TestTargetID = C920D6641EB624E700D095FC;
					};
					C920D6851EB624E700D095FC = {
						CreatedOnToolsVersion = 8.3.2;
						ProvisioningStyle = Automatic;
						TestTargetID = C920D6641EB624E700D095FC;
					};
				};
			};
			buildConfigurationList = C920D6601EB624E700D095FC /* Build configuration list for PBXProject "ShareATextbook" */;
			compatibilityVersion = "Xcode 3.2";
			developmentRegion = English;
			hasScannedForEncodings = 0;
			knownRegions = (
				en,
				Base,
			);
			mainGroup = C920D65C1EB624E700D095FC;
			productRefGroup = C920D6661EB624E700D095FC /* Products */;
			projectDirPath = "";
			projectReferences = (
				{
					ProductGroup = C958BC851F308B94004A83A4 /* Products */;
					ProjectRef = C958BC841F308B94004A83A4 /* Eureka.xcodeproj */;
				},
				{
					ProductGroup = C9F3A42F1F2DD4CF0089DA2F /* Products */;
					ProjectRef = C9F3A42E1F2DD4CF0089DA2F /* RSBarcodes.xcodeproj */;
				},
			);
			projectRoot = "";
			targets = (
				C920D6641EB624E700D095FC /* ShareATextbook */,
				C920D67A1EB624E700D095FC /* ShareATextbookTests */,
				C920D6851EB624E700D095FC /* ShareATextbookUITests */,
			);
		};
/* End PBXProject section */

/* Begin PBXReferenceProxy section */
		C958BC8A1F308B94004A83A4 /* Eureka.framework */ = {
			isa = PBXReferenceProxy;
			fileType = wrapper.framework;
			path = Eureka.framework;
			remoteRef = C958BC891F308B94004A83A4 /* PBXContainerItemProxy */;
			sourceTree = BUILT_PRODUCTS_DIR;
		};
		C958BC8C1F308B94004A83A4 /* EurekaTests.xctest */ = {
			isa = PBXReferenceProxy;
			fileType = wrapper.cfbundle;
			path = EurekaTests.xctest;
			remoteRef = C958BC8B1F308B94004A83A4 /* PBXContainerItemProxy */;
			sourceTree = BUILT_PRODUCTS_DIR;
		};
		C9F3A4331F2DD4CF0089DA2F /* RSBarcodes.framework */ = {
			isa = PBXReferenceProxy;
			fileType = wrapper.framework;
			path = RSBarcodes.framework;
			remoteRef = C9F3A4321F2DD4CF0089DA2F /* PBXContainerItemProxy */;
			sourceTree = BUILT_PRODUCTS_DIR;
		};
/* End PBXReferenceProxy section */

/* Begin PBXResourcesBuildPhase section */
		C920D6631EB624E700D095FC /* Resources */ = {
			isa = PBXResourcesBuildPhase;
			buildActionMask = 2147483647;
			files = (
				C92BA2761F31A8E8005934E8 /* Info.plist in Resources */,
				C920D6751EB624E700D095FC /* LaunchScreen.storyboard in Resources */,
				8F034BCF1F2F212500C16F1A /* Map.storyboard in Resources */,
				C9F3A3CB1F2DCD710089DA2F /* NewItem.storyboard in Resources */,
				135B18491F327A860017B331 /* Logout.storyboard in Resources */,
				C9F3A3CC1F2DCD710089DA2F /* Profile.storyboard in Resources */,
				51E9C4601F09E39200DF9CD5 /* Search.storyboard in Resources */,
				8FA25CC61F13654400CB14EF /* pointsystem.storyboard in Resources */,
				8FDF30E61F0BD5AA00359916 /* feature.xib in Resources */,
				8F32DB071F0BBF3B0021D095 /* homepage.storyboard in Resources */,
				C92BA2711F31A8E8005934E8 /* DKImagePickerController.bundle in Resources */,
				C9D52BA11F2ED35D00F36F50 /* ic_cross_white@3x.png in Resources */,
				C9D52BA01F2ED35D00F36F50 /* ic_cross_white@2x.png in Resources */,
				C9F3A4381F2DD4E60089DA2F /* Info-iOS.plist in Resources */,
				C920D6721EB624E700D095FC /* Assets.xcassets in Resources */,
				C920D6701EB624E700D095FC /* Main.storyboard in Resources */,
				C92BA29A1F31A96C005934E8 /* DKCameraResource.bundle in Resources */,
			);
			runOnlyForDeploymentPostprocessing = 0;
		};
		C920D6791EB624E700D095FC /* Resources */ = {
			isa = PBXResourcesBuildPhase;
			buildActionMask = 2147483647;
			files = (
			);
			runOnlyForDeploymentPostprocessing = 0;
		};
		C920D6841EB624E700D095FC /* Resources */ = {
			isa = PBXResourcesBuildPhase;
			buildActionMask = 2147483647;
			files = (
			);
			runOnlyForDeploymentPostprocessing = 0;
		};
/* End PBXResourcesBuildPhase section */

/* Begin PBXShellScriptBuildPhase section */
		52FFC15615F5AF21A459616B /* [CP] Copy Pods Resources */ = {
			isa = PBXShellScriptBuildPhase;
			buildActionMask = 2147483647;
			files = (
			);
			inputPaths = (
			);
			name = "[CP] Copy Pods Resources";
			outputPaths = (
			);
			runOnlyForDeploymentPostprocessing = 0;
			shellPath = /bin/sh;
			shellScript = "\"${SRCROOT}/Pods/Target Support Files/Pods-ShareATextbook/Pods-ShareATextbook-resources.sh\"\n";
			showEnvVarsInLog = 0;
		};
		96C42B19F6213568CAD3693D /* [CP] Embed Pods Frameworks */ = {
			isa = PBXShellScriptBuildPhase;
			buildActionMask = 2147483647;
			files = (
			);
			inputPaths = (
			);
			name = "[CP] Embed Pods Frameworks";
			outputPaths = (
			);
			runOnlyForDeploymentPostprocessing = 0;
			shellPath = /bin/sh;
			shellScript = "\"${SRCROOT}/Pods/Target Support Files/Pods-ShareATextbook/Pods-ShareATextbook-frameworks.sh\"\n";
			showEnvVarsInLog = 0;
		};
		D064B9A31114F89AE80823A8 /* [CP] Check Pods Manifest.lock */ = {
			isa = PBXShellScriptBuildPhase;
			buildActionMask = 2147483647;
			files = (
			);
			inputPaths = (
			);
			name = "[CP] Check Pods Manifest.lock";
			outputPaths = (
			);
			runOnlyForDeploymentPostprocessing = 0;
			shellPath = /bin/sh;
			shellScript = "diff \"${PODS_PODFILE_DIR_PATH}/Podfile.lock\" \"${PODS_ROOT}/Manifest.lock\" > /dev/null\nif [ $? != 0 ] ; then\n    # print error to STDERR\n    echo \"error: The sandbox is not in sync with the Podfile.lock. Run 'pod install' or update your CocoaPods installation.\" >&2\n    exit 1\nfi\n";
			showEnvVarsInLog = 0;
		};
/* End PBXShellScriptBuildPhase section */

/* Begin PBXSourcesBuildPhase section */
		C920D6611EB624E700D095FC /* Sources */ = {
			isa = PBXSourcesBuildPhase;
			buildActionMask = 2147483647;
			files = (
				8F034BC61F2F1DF000C16F1A /* UITextField+fixCaretPosition.swift in Sources */,
				C9F3A4371F2DD4E60089DA2F /* DateHelper.swift in Sources */,
				C9F3A4861F2DE73B0089DA2F /* PostingDataManager.swift in Sources */,
				C917BDF41EF1563E00CBF4F1 /* HTTP.swift in Sources */,
				8F1F32431F0170C100DE910C /* BEMCheckBox.m in Sources */,
				C920D69C1EB6259900D095FC /* User.swift in Sources */,
				C9F3A4721F2DD5D80089DA2F /* CustomUILabel.swift in Sources */,
				8FFD6D451F31B5D0000FCE64 /* PointsTableViewCell.swift in Sources */,
				2B8130501F0BB03800FBA165 /* LoginDataManager.swift in Sources */,
				C9D52B951F2ED33E00F36F50 /* ActivityIndicator.swift in Sources */,
				8F1F32441F0170C100DE910C /* BEMCheckBoxGroup.m in Sources */,
				C9F3A4951F2DE79B0089DA2F /* PostingDetailsFormTableViewController.swift in Sources */,
				C92BA2721F31A8E8005934E8 /* DKImagePickerController.swift in Sources */,
				C9F3A4921F2DE79B0089DA2F /* EducationLevelViewController.swift in Sources */,
				C9F3A4851F2DE73B0089DA2F /* ISBNDataManager.swift in Sources */,
				C9F3A4A21F2DE8AD0089DA2F /* SettingsViewController.swift in Sources */,
				C9F3A4841F2DE73B0089DA2F /* CategoryDataManager.swift in Sources */,
				C92BA2941F31A953005934E8 /* DKAsset.swift in Sources */,
				C9D52B961F2ED33E00F36F50 /* FullScreenSlideshowViewController.swift in Sources */,
				C9F1F3831EC1FD8C00E8C71C /* CustomNavigationViewController.swift in Sources */,
				8FDCAB021EFAFC14001D903F /* RegistrationViewController.swift in Sources */,
				C9F3A47C1F2DD8090089DA2F /* CustomCameraUIDelegate.swift in Sources */,
				C92BA27F1F31A8F8005934E8 /* DKPermissionView.swift in Sources */,
				C9F3A4711F2DD5D80089DA2F /* CustomUIButton.swift in Sources */,
				C92BA2861F31A90A005934E8 /* DKAssetGroupCellItemProtocol.swift in Sources */,
				8F034BC41F2F1DF000C16F1A /* SkyFloatingLabelTextField.swift in Sources */,
				C917BDF61EF1566D00CBF4F1 /* SwiftyJSON.swift in Sources */,
				8F17E05D1F310893007EF6D7 /* Points.swift in Sources */,
				8F1F32451F0170C100DE910C /* BEMPathManager.m in Sources */,
				C9D52B9B1F2ED33E00F36F50 /* UIImageView+Tools.swift in Sources */,
				C92BA27D1F31A8F8005934E8 /* DKAssetGroupGridLayout.swift in Sources */,
				C9F3A4BC1F2DE9C90089DA2F /* ItemCollectionViewCell.swift in Sources */,
				C920D66D1EB624E700D095FC /* SecondViewController.swift in Sources */,
				C9690BC01EB994BB0054BAB7 /* CustomTabBarController.swift in Sources */,
				C9F3A4871F2DE73B0089DA2F /* UserDataManager.swift in Sources */,
				C92BA2951F31A953005934E8 /* DKAssetGroup.swift in Sources */,
				8F1F32361EFF00D700DE910C /* CustomUIViewButtons.swift in Sources */,
				C9F3A4731F2DD5D80089DA2F /* CustomUIView.swift in Sources */,
				C9D52B981F2ED33E00F36F50 /* ImageSlideshowItem.swift in Sources */,
				C9F3A4931F2DE79B0089DA2F /* ImagePickerViewController.swift in Sources */,
				C92BA2901F31A944005934E8 /* DKGroupDataManager.swift in Sources */,
				C92BA2991F31A96C005934E8 /* DKCamera.swift in Sources */,
				8FDF30E81F0BD69400359916 /* FeatureView.swift in Sources */,
				C92BA25C1F318216005934E8 /* CustomUIImageView.swift in Sources */,
				C92BA2751F31A8E8005934E8 /* DKPopoverViewController.swift in Sources */,
				C9F3A4911F2DE79B0089DA2F /* BarcodeReaderViewController.swift in Sources */,
				C92078C51F33267700262CFC /* PinResultViewController.swift in Sources */,
				C958BC911F308D04004A83A4 /* CustomCells.swift in Sources */,
				C92BA2741F31A8E8005934E8 /* DKImageResource.swift in Sources */,
				8FFD6D491F31EA13000FCE64 /* PointsDataManager.swift in Sources */,
				C92BA2871F31A90A005934E8 /* DKAssetGroupDetailBaseCell.swift in Sources */,
				C92BA28D1F31A933005934E8 /* DKImageManager.swift in Sources */,
				C920D6691EB624E700D095FC /* AppDelegate.swift in Sources */,
				C92BA2881F31A90A005934E8 /* DKAssetGroupDetailCameraCell.swift in Sources */,
				C9F3A3D01F2DCE1F0089DA2F /* Posting.swift in Sources */,
				8F04F2F31F332B1800AA48EC /* PointsRecordsTableViewCell.swift in Sources */,
				C9D52B9A1F2ED33E00F36F50 /* UIImage+AspectFit.swift in Sources */,
				C92078C71F3360EA00262CFC /* MapAnnotation.swift in Sources */,
				C9F948C31F31ECD90003EB55 /* MapViewViewController.swift in Sources */,
				C9D52B971F2ED33E00F36F50 /* ImageSlideshow.swift in Sources */,
				8F1F324D1F0194A100DE910C /* HomeContentTableViewCell.swift in Sources */,
				C9F3A3CF1F2DCE1F0089DA2F /* ISBN.swift in Sources */,
				C9D52B8B1F2ED2BF00F36F50 /* ImageDownload.swift in Sources */,
				8F32DB031F0BBE730021D095 /* RegistrationDataManager.swift in Sources */,
				C1F885E51F336DC7006ECA20 /* SearchTableViewCell.swift in Sources */,
				C9F3A4971F2DE79B0089DA2F /* SubjectViewController.swift in Sources */,
				C91D26131F342994006DC4CC /* ChatDataManager.swift in Sources */,
				C9F3A4901F2DE79B0089DA2F /* BarcodeReaderCaptureViewController.swift in Sources */,
				8F32DB051F0BBEB40021D095 /* HomeViewController.swift in Sources */,
				C958BC941F308F0C004A83A4 /* Geocoding.swift in Sources */,
				C9CF89111EB9F14000B5AE95 /* Constants.swift in Sources */,
				C9D52B9C1F2ED33E00F36F50 /* ZoomAnimatedTransitioning.swift in Sources */,
				8F04F2EF1F33198B00AA48EC /* PointsRecordTableViewController.swift in Sources */,
				8F49A7AA1F1DD1FC00725A8D /* Categories.swift in Sources */,
				C92BA27C1F31A8F8005934E8 /* DKAssetGroupDetailVC.swift in Sources */,
				C92BA28A1F31A90A005934E8 /* DKAssetGroupDetailVideoCell.swift in Sources */,
				8F034BC51F2F1DF000C16F1A /* SkyFloatingLabelTextFieldWithIcon.swift in Sources */,
				C1F885E31F336DA5006ECA20 /* SearchTableViewController.swift in Sources */,
				C9F3A4961F2DE79B0089DA2F /* PostingImageCollectionViewCell.swift in Sources */,
				C92BA2601F3194A1005934E8 /* CameraViewController.swift in Sources */,
				C92BA2731F31A8E8005934E8 /* DKImagePickerControllerDefaultUIDelegate.swift in Sources */,
				C92BA29C1F31A9A8005934E8 /* PostDetailViewController.swift in Sources */,
				C920D69E1EB6265400D095FC /* LoginViewController.swift in Sources */,
				C9F3A4BE1F2DE9EE0089DA2F /* TestViewController.swift in Sources */,
				8F1F32421F0170C100DE910C /* BEMAnimationManager.m in Sources */,
				8FF04A3C1F136677008FD87F /* ProtectionPointsViewController.swift in Sources */,
				8F49A7A81F1DCEF800725A8D /* HomepageDataManager.swift in Sources */,
				C920D66B1EB624E700D095FC /* FirstViewController.swift in Sources */,
				C92BA2581F317CF3005934E8 /* ChangePasswordViewController.swift in Sources */,
				C9D52B991F2ED33E00F36F50 /* InputSource.swift in Sources */,
				C9F3A3D21F2DCE530089DA2F /* Category.swift in Sources */,
				C9F3A49E1F2DE7F40089DA2F /* ProfileViewController.swift in Sources */,
				C958BC8F1F308BFD004A83A4 /* LocationValue.swift in Sources */,
				C958BC961F308F5A004A83A4 /* FloatLabelTextField.swift in Sources */,
				C9F3A47F1F2DD8830089DA2F /* PostingViewController.swift in Sources */,
				C92BA27E1F31A8F8005934E8 /* DKAssetGroupListVC.swift in Sources */,
				C92BA2891F31A90A005934E8 /* DKAssetGroupDetailImageCell.swift in Sources */,
				C9F3A49C1F2DE7F40089DA2F /* EditProfileViewController.swift in Sources */,
			);
			runOnlyForDeploymentPostprocessing = 0;
		};
		C920D6771EB624E700D095FC /* Sources */ = {
			isa = PBXSourcesBuildPhase;
			buildActionMask = 2147483647;
			files = (
				C920D6801EB624E700D095FC /* ntucTestTests.swift in Sources */,
			);
			runOnlyForDeploymentPostprocessing = 0;
		};
		C920D6821EB624E700D095FC /* Sources */ = {
			isa = PBXSourcesBuildPhase;
			buildActionMask = 2147483647;
			files = (
				C920D68B1EB624E700D095FC /* ntucTestUITests.swift in Sources */,
			);
			runOnlyForDeploymentPostprocessing = 0;
		};
/* End PBXSourcesBuildPhase section */

/* Begin PBXTargetDependency section */
		C920D67D1EB624E700D095FC /* PBXTargetDependency */ = {
			isa = PBXTargetDependency;
			target = C920D6641EB624E700D095FC /* ShareATextbook */;
			targetProxy = C920D67C1EB624E700D095FC /* PBXContainerItemProxy */;
		};
		C920D6881EB624E700D095FC /* PBXTargetDependency */ = {
			isa = PBXTargetDependency;
			target = C920D6641EB624E700D095FC /* ShareATextbook */;
			targetProxy = C920D6871EB624E700D095FC /* PBXContainerItemProxy */;
		};
		C9F3A4771F2DD6800089DA2F /* PBXTargetDependency */ = {
			isa = PBXTargetDependency;
			name = RSBarcodes;
			targetProxy = C9F3A4761F2DD6800089DA2F /* PBXContainerItemProxy */;
		};
/* End PBXTargetDependency section */

/* Begin PBXVariantGroup section */
		C920D66E1EB624E700D095FC /* Main.storyboard */ = {
			isa = PBXVariantGroup;
			children = (
				C920D66F1EB624E700D095FC /* Base */,
			);
			name = Main.storyboard;
			sourceTree = "<group>";
		};
		C920D6731EB624E700D095FC /* LaunchScreen.storyboard */ = {
			isa = PBXVariantGroup;
			children = (
				C920D6741EB624E700D095FC /* Base */,
			);
			name = LaunchScreen.storyboard;
			sourceTree = "<group>";
		};
/* End PBXVariantGroup section */

/* Begin XCBuildConfiguration section */
		C920D68D1EB624E700D095FC /* Debug */ = {
			isa = XCBuildConfiguration;
			buildSettings = {
				ALWAYS_SEARCH_USER_PATHS = NO;
				CLANG_ANALYZER_NONNULL = YES;
				CLANG_ANALYZER_NUMBER_OBJECT_CONVERSION = YES_AGGRESSIVE;
				CLANG_CXX_LANGUAGE_STANDARD = "gnu++0x";
				CLANG_CXX_LIBRARY = "libc++";
				CLANG_ENABLE_MODULES = YES;
				CLANG_ENABLE_OBJC_ARC = YES;
				CLANG_WARN_BOOL_CONVERSION = YES;
				CLANG_WARN_CONSTANT_CONVERSION = YES;
				CLANG_WARN_DIRECT_OBJC_ISA_USAGE = YES_ERROR;
				CLANG_WARN_DOCUMENTATION_COMMENTS = YES;
				CLANG_WARN_EMPTY_BODY = YES;
				CLANG_WARN_ENUM_CONVERSION = YES;
				CLANG_WARN_INFINITE_RECURSION = YES;
				CLANG_WARN_INT_CONVERSION = YES;
				CLANG_WARN_OBJC_ROOT_CLASS = YES_ERROR;
				CLANG_WARN_SUSPICIOUS_MOVE = YES;
				CLANG_WARN_UNREACHABLE_CODE = YES;
				CLANG_WARN__DUPLICATE_METHOD_MATCH = YES;
				"CODE_SIGN_IDENTITY[sdk=iphoneos*]" = "iPhone Developer";
				COPY_PHASE_STRIP = NO;
				DEBUG_INFORMATION_FORMAT = dwarf;
				ENABLE_STRICT_OBJC_MSGSEND = YES;
				ENABLE_TESTABILITY = YES;
				GCC_C_LANGUAGE_STANDARD = gnu99;
				GCC_DYNAMIC_NO_PIC = NO;
				GCC_NO_COMMON_BLOCKS = YES;
				GCC_OPTIMIZATION_LEVEL = 0;
				GCC_PREPROCESSOR_DEFINITIONS = (
					"DEBUG=1",
					"$(inherited)",
				);
				GCC_WARN_64_TO_32_BIT_CONVERSION = YES;
				GCC_WARN_ABOUT_RETURN_TYPE = YES_ERROR;
				GCC_WARN_UNDECLARED_SELECTOR = YES;
				GCC_WARN_UNINITIALIZED_AUTOS = YES_AGGRESSIVE;
				GCC_WARN_UNUSED_FUNCTION = YES;
				GCC_WARN_UNUSED_VARIABLE = YES;
				IPHONEOS_DEPLOYMENT_TARGET = 10.3;
				MTL_ENABLE_DEBUG_INFO = YES;
				ONLY_ACTIVE_ARCH = YES;
				SDKROOT = iphoneos;
				SWIFT_ACTIVE_COMPILATION_CONDITIONS = DEBUG;
				SWIFT_OPTIMIZATION_LEVEL = "-Onone";
			};
			name = Debug;
		};
		C920D68E1EB624E700D095FC /* Release */ = {
			isa = XCBuildConfiguration;
			buildSettings = {
				ALWAYS_SEARCH_USER_PATHS = NO;
				CLANG_ANALYZER_NONNULL = YES;
				CLANG_ANALYZER_NUMBER_OBJECT_CONVERSION = YES_AGGRESSIVE;
				CLANG_CXX_LANGUAGE_STANDARD = "gnu++0x";
				CLANG_CXX_LIBRARY = "libc++";
				CLANG_ENABLE_MODULES = YES;
				CLANG_ENABLE_OBJC_ARC = YES;
				CLANG_WARN_BOOL_CONVERSION = YES;
				CLANG_WARN_CONSTANT_CONVERSION = YES;
				CLANG_WARN_DIRECT_OBJC_ISA_USAGE = YES_ERROR;
				CLANG_WARN_DOCUMENTATION_COMMENTS = YES;
				CLANG_WARN_EMPTY_BODY = YES;
				CLANG_WARN_ENUM_CONVERSION = YES;
				CLANG_WARN_INFINITE_RECURSION = YES;
				CLANG_WARN_INT_CONVERSION = YES;
				CLANG_WARN_OBJC_ROOT_CLASS = YES_ERROR;
				CLANG_WARN_SUSPICIOUS_MOVE = YES;
				CLANG_WARN_UNREACHABLE_CODE = YES;
				CLANG_WARN__DUPLICATE_METHOD_MATCH = YES;
				"CODE_SIGN_IDENTITY[sdk=iphoneos*]" = "iPhone Developer";
				COPY_PHASE_STRIP = NO;
				DEBUG_INFORMATION_FORMAT = "dwarf-with-dsym";
				ENABLE_NS_ASSERTIONS = NO;
				ENABLE_STRICT_OBJC_MSGSEND = YES;
				GCC_C_LANGUAGE_STANDARD = gnu99;
				GCC_NO_COMMON_BLOCKS = YES;
				GCC_WARN_64_TO_32_BIT_CONVERSION = YES;
				GCC_WARN_ABOUT_RETURN_TYPE = YES_ERROR;
				GCC_WARN_UNDECLARED_SELECTOR = YES;
				GCC_WARN_UNINITIALIZED_AUTOS = YES_AGGRESSIVE;
				GCC_WARN_UNUSED_FUNCTION = YES;
				GCC_WARN_UNUSED_VARIABLE = YES;
				IPHONEOS_DEPLOYMENT_TARGET = 10.3;
				MTL_ENABLE_DEBUG_INFO = NO;
				SDKROOT = iphoneos;
				SWIFT_OPTIMIZATION_LEVEL = "-Owholemodule";
				VALIDATE_PRODUCT = YES;
			};
			name = Release;
		};
		C920D6901EB624E700D095FC /* Debug */ = {
			isa = XCBuildConfiguration;
			baseConfigurationReference = 06C3BFBBDC60A0A9A4D959D3 /* Pods-ShareATextbook.debug.xcconfig */;
			buildSettings = {
				ALWAYS_EMBED_SWIFT_STANDARD_LIBRARIES = YES;
				ASSETCATALOG_COMPILER_APPICON_NAME = AppIcon;
				"CODE_SIGN_IDENTITY[sdk=iphoneos*]" = "iPhone Developer";
				DEVELOPMENT_TEAM = 89782M2XS3;
				INFOPLIST_FILE = "$(SRCROOT)/ShareATextbook/Info.plist";
				IPHONEOS_DEPLOYMENT_TARGET = 10.2;
				LD_RUNPATH_SEARCH_PATHS = "$(inherited) @executable_path/Frameworks";
				PRODUCT_BUNDLE_IDENTIFIER = com.nyp.ShareATextbook;
				PRODUCT_NAME = "$(TARGET_NAME)";
				PROVISIONING_PROFILE_SPECIFIER = "";
				SWIFT_OBJC_BRIDGING_HEADER = CheckboxHeader.h;
				SWIFT_VERSION = 3.0;
			};
			name = Debug;
		};
		C920D6911EB624E700D095FC /* Release */ = {
			isa = XCBuildConfiguration;
			baseConfigurationReference = CB52F9B7334471142FFCD4C4 /* Pods-ShareATextbook.release.xcconfig */;
			buildSettings = {
				ALWAYS_EMBED_SWIFT_STANDARD_LIBRARIES = YES;
				ASSETCATALOG_COMPILER_APPICON_NAME = AppIcon;
				"CODE_SIGN_IDENTITY[sdk=iphoneos*]" = "iPhone Developer";
				DEVELOPMENT_TEAM = 89782M2XS3;
				INFOPLIST_FILE = "$(SRCROOT)/ShareATextbook/Info.plist";
				IPHONEOS_DEPLOYMENT_TARGET = 10.2;
				LD_RUNPATH_SEARCH_PATHS = "$(inherited) @executable_path/Frameworks";
				PRODUCT_BUNDLE_IDENTIFIER = com.nyp.ShareATextbook;
				PRODUCT_NAME = "$(TARGET_NAME)";
				PROVISIONING_PROFILE_SPECIFIER = "";
				SWIFT_OBJC_BRIDGING_HEADER = CheckboxHeader.h;
				SWIFT_VERSION = 3.0;
			};
			name = Release;
		};
		C920D6931EB624E700D095FC /* Debug */ = {
			isa = XCBuildConfiguration;
			buildSettings = {
				ALWAYS_EMBED_SWIFT_STANDARD_LIBRARIES = YES;
				BUNDLE_LOADER = "$(TEST_HOST)";
				INFOPLIST_FILE = ntucTestTests/Info.plist;
				LD_RUNPATH_SEARCH_PATHS = "$(inherited) @executable_path/Frameworks @loader_path/Frameworks";
				PRODUCT_BUNDLE_IDENTIFIER = com.chialy.ntucTestTests;
				PRODUCT_NAME = "$(TARGET_NAME)";
				SWIFT_VERSION = 3.0;
				TEST_HOST = "$(BUILT_PRODUCTS_DIR)/ShareATextbook.app/ShareATextbook";
			};
			name = Debug;
		};
		C920D6941EB624E700D095FC /* Release */ = {
			isa = XCBuildConfiguration;
			buildSettings = {
				ALWAYS_EMBED_SWIFT_STANDARD_LIBRARIES = YES;
				BUNDLE_LOADER = "$(TEST_HOST)";
				INFOPLIST_FILE = ntucTestTests/Info.plist;
				LD_RUNPATH_SEARCH_PATHS = "$(inherited) @executable_path/Frameworks @loader_path/Frameworks";
				PRODUCT_BUNDLE_IDENTIFIER = com.chialy.ntucTestTests;
				PRODUCT_NAME = "$(TARGET_NAME)";
				SWIFT_VERSION = 3.0;
				TEST_HOST = "$(BUILT_PRODUCTS_DIR)/ShareATextbook.app/ShareATextbook";
			};
			name = Release;
		};
		C920D6961EB624E700D095FC /* Debug */ = {
			isa = XCBuildConfiguration;
			buildSettings = {
				ALWAYS_EMBED_SWIFT_STANDARD_LIBRARIES = YES;
				INFOPLIST_FILE = ntucTestUITests/Info.plist;
				LD_RUNPATH_SEARCH_PATHS = "$(inherited) @executable_path/Frameworks @loader_path/Frameworks";
				PRODUCT_BUNDLE_IDENTIFIER = com.chialy.ntucTestUITests;
				PRODUCT_NAME = "$(TARGET_NAME)";
				SWIFT_VERSION = 3.0;
				TEST_TARGET_NAME = ntucTest;
			};
			name = Debug;
		};
		C920D6971EB624E700D095FC /* Release */ = {
			isa = XCBuildConfiguration;
			buildSettings = {
				ALWAYS_EMBED_SWIFT_STANDARD_LIBRARIES = YES;
				INFOPLIST_FILE = ntucTestUITests/Info.plist;
				LD_RUNPATH_SEARCH_PATHS = "$(inherited) @executable_path/Frameworks @loader_path/Frameworks";
				PRODUCT_BUNDLE_IDENTIFIER = com.chialy.ntucTestUITests;
				PRODUCT_NAME = "$(TARGET_NAME)";
				SWIFT_VERSION = 3.0;
				TEST_TARGET_NAME = ntucTest;
			};
			name = Release;
		};
/* End XCBuildConfiguration section */

/* Begin XCConfigurationList section */
		C920D6601EB624E700D095FC /* Build configuration list for PBXProject "ShareATextbook" */ = {
			isa = XCConfigurationList;
			buildConfigurations = (
				C920D68D1EB624E700D095FC /* Debug */,
				C920D68E1EB624E700D095FC /* Release */,
			);
			defaultConfigurationIsVisible = 0;
			defaultConfigurationName = Release;
		};
		C920D68F1EB624E700D095FC /* Build configuration list for PBXNativeTarget "ShareATextbook" */ = {
			isa = XCConfigurationList;
			buildConfigurations = (
				C920D6901EB624E700D095FC /* Debug */,
				C920D6911EB624E700D095FC /* Release */,
			);
			defaultConfigurationIsVisible = 0;
			defaultConfigurationName = Release;
		};
		C920D6921EB624E700D095FC /* Build configuration list for PBXNativeTarget "ShareATextbookTests" */ = {
			isa = XCConfigurationList;
			buildConfigurations = (
				C920D6931EB624E700D095FC /* Debug */,
				C920D6941EB624E700D095FC /* Release */,
			);
			defaultConfigurationIsVisible = 0;
			defaultConfigurationName = Release;
		};
		C920D6951EB624E700D095FC /* Build configuration list for PBXNativeTarget "ShareATextbookUITests" */ = {
			isa = XCConfigurationList;
			buildConfigurations = (
				C920D6961EB624E700D095FC /* Debug */,
				C920D6971EB624E700D095FC /* Release */,
			);
			defaultConfigurationIsVisible = 0;
			defaultConfigurationName = Release;
		};
/* End XCConfigurationList section */
	};
	rootObject = C920D65D1EB624E700D095FC /* Project object */;
}
